[container]
image = "docker.io/library/archlinux@sha256:6e644b0d7ac1543ce6368d0cd9f919d6d234c718a721fdabd132f50acb0488b2"

[[package]]
name = "abseil-cpp"
version = "20250512.1-1"
system = "archlinux"
url = "https://archive.archlinux.org/packages/a/abseil-cpp/abseil-cpp-20250512.1-1-x86_64.pkg.tar.zst"
sha256 = "9de67a852d2813e39e4ca1f42fa2011fab585f7f373620116310167db579218a"
signature = "iQIzBAABCgAdFiEE8AuW0VIoAT/8nJ0Dk7EdqkwZfj0FAmhRmDgACgkQk7EdqkwZfj3L8hAA1ZrovdVkfoEXL8QHCye5gpGaE3L4zkh6sl4YX556W5V9gVkghXyBsPkKRyUpKFFodJ+Vzva6ncNDNM/MnLageLfPcVbwQ+fyCcb6ptmyzN45YTFxqSA56aSKPA9NTB2v8H5cMj6t1bpwChAigG1uU9k0QzcivDF8ivhsecTUH8Xs3vYG7pIbL8kIJBA/9oyu1HHBvi40owBBwtYBniADumfNN6M0hTyEIfea+Wt2p6HW0w6IsR9TpZU9NxaNP1X2JYSdn0FMif2Q6roVIURCdfHQdJcNCUkM4c0dibH+uD6R0QBj/NfQ4gGjDi2tq0fKYVcP/B3Bcc8yaZ/XWe/cvAtsqlMommXYpFMWfTF/TRWD9OtdLzSG8+DYunBQ9rAsmcTm+KDzzMU/AJ3suHuQGw9OecZn5+t6N+dmIfU3VhiPPbLUQn+H/VHVEYFQf+33A4eaiWgL8k/T0yIwdiu7Y3ebKhLnvD+T4Iinz8yjuN78aUUi6hDDPN4kVqzMZx+lJj9UaQ/rBszwef/ZOhS8ktpvSl7RWvQEboewy2Dsnr6vewofyvSjfK95Kp0lI3YZirnwM3wSoyoTQ+EGMlG263xerJpsN6cPhhrBQmPTbP8P68xpcJYqrme1Nt/H2+0tDKtrsgDowCO8J3mjc3JhriNRI1lZZWZikx3/UCTs7qU="

[[package]]
name = "binutils"
version = "2.44+r94+gfe459e33c676-1"
system = "archlinux"
url = "https://archive.archlinux.org/packages/b/binutils/binutils-2.44+r94+gfe459e33c676-1-x86_64.pkg.tar.zst"
sha256 = "dae1c7ad6100da0abf20171879dc1ef9b486f0498260b4d496e526b49287d39c"
signature = "iNUEABYKAH0WIQQFx3danouXdAf+COadTFqhVCbaCgUCaBB9K18UgAAAAAAuAChpc3N1ZXItZnByQG5vdGF0aW9ucy5vcGVucGdwLmZpZnRoaG9yc2VtYW4ubmV0MDVDNzc3NUE5RThCOTc3NDA3RkUwOEU2OUQ0QzVBQTE1NDI2REEwQQAKCRCdTFqhVCbaCkMbAP0XYt1YCNB0OOe0jkhK7MAH7K0krqEjcFRk6c1pKfslzQEAxb9iCNJi700zsLGLUNduRUsNe2AnZRPeAVefR0/hXww="

[[package]]
name = "cmake"
version = "4.0.3-1"
system = "archlinux"
url = "https://archive.archlinux.org/packages/c/cmake/cmake-4.0.3-1-x86_64.pkg.tar.zst"
sha256 = "4c3fc1ee51a40109951ef1c69f8c7fff36c2d034eb7923fb9ec953670930e65e"
signature = "iQEzBAABCgAdFiEEFRnVq6Zb9vwrc8dWek52CV2KUuQFAmhLNr8ACgkQek52CV2KUuTu9Af/QDC9Kl+7/LFBXdrie1MWewFTxTigPjq/QnfyqzL+yWhiZTt8acfGCbUD7PjKyhu6bvaqNuZOl5orPnCdDjw1WOGM/agYXbg7pLRGtWIX7aWnjyNqneQfXzO0AqiTs43yPlCRTpuXC39CIal1bQ/dNoz4uZ+msZF0XzbnikrjgM09NZoG3JqEyoJJTWF0GW33+ICjxukTcF6pYpo4LgtRy8E3Mg9cI45Vrq2KnIFTdANaObczOXZ/Bl3WOr3IpwsNvwUHED7z+cZKixbQAPf/ApxiT/HRkTqOfe3hFwIX5/QgAIaajwzLXXSaOVql8F1ye4MvAhxp1tDI6+/f1kBPYw=="

[[package]]
name = "cppdap"
version = "1.58.0-2"
system = "archlinux"
url = "https://archive.archlinux.org/packages/c/cppdap/cppdap-1.58.0-2-x86_64.pkg.tar.zst"
sha256 = "29796195345f80920d6e018d53cd0f92eb7b7d379849d262a0dbcd4b1fa573ef"
signature = "iQEzBAABCAAdFiEEFRnVq6Zb9vwrc8dWek52CV2KUuQFAmaDH8sACgkQek52CV2KUuRK9Qf8CfghNmb2AN0lgBcvxo38BgOIfBUlC/Zyd2yymxInhogQNgj5xKGDF9ZsLzTXNuGx1s5LDrjLsyLHgJgWIg39sfdAepQtZ1kJPm5MmmIqFMwvVmQ1tPUBOgAQSWs8XL4ssYvYuN23npSh+RhkYC62GhCsJm6CXjSCpksV+F4mHnOik/khw6rPb2hj7kzi+k5x5N2G5+qm9cOcKQLgtkX0lefsAkg5ZjH1qZm3Twa0p/2xMc8cigHtdm5TTTqH9nhKk68eOTAFJvr1T9oo/UxKuQm8pOofjTcKpECFpRpGy+nkxADI08pwvFDN44GE4QAnecpchRleWnnzghh87KExIw=="

[[package]]
name = "device-mapper"
version = "2.03.33-1"
system = "archlinux"
url = "https://archive.archlinux.org/packages/d/device-mapper/device-mapper-2.03.33-1-x86_64.pkg.tar.zst"
sha256 = "541b20d7ffabc28f1a1831549683419d05795b65732c2d9aae70ddb273e0b92b"
signature = "iHUEABYKAB0WIQQEKYl95fO9rFN6MGltQr3RFuAGjwUCaF5kvwAKCRBtQr3RFuAGj88lAQDQZVb4OMAzopcOgjudS+k3tHhumrw+/Z8eeI97kzo9vQD/aPemXWrJnWriSTsmIfAwB8RUNHCfH5oepUIl/o/JiQg="

[[package]]
name = "gc"
version = "8.2.8-2"
system = "archlinux"
url = "https://archive.archlinux.org/packages/g/gc/gc-8.2.8-2-x86_64.pkg.tar.zst"
sha256 = "c7b5e6816e7977a407e3f862b4ac51e7cf70e522c7fe1a72c2eca49431679712"
signature = "iNUEABYKAH0WIQQFx3danouXdAf+COadTFqhVCbaCgUCZt6oQl8UgAAAAAAuAChpc3N1ZXItZnByQG5vdGF0aW9ucy5vcGVucGdwLmZpZnRoaG9yc2VtYW4ubmV0MDVDNzc3NUE5RThCOTc3NDA3RkUwOEU2OUQ0QzVBQTE1NDI2REEwQQAKCRCdTFqhVCbaCp63AP4zSG9Ph/ey/7pYMn/RNiK9x1gv3SknQQ5dttHxVgc++QD/aXAHmlJ3i2x5kaqtv+bVKMTa80sF/S7X6DKJfQ+Q9Q4="

[[package]]
name = "gcc"
version = "15.1.1+r7+gf36ec88aa85a-1"
system = "archlinux"
url = "https://archive.archlinux.org/packages/g/gcc/gcc-15.1.1+r7+gf36ec88aa85a-1-x86_64.pkg.tar.zst"
sha256 = "d8bc5c74e9b58c281c0aca51cc3f6b18cff37cdac5d24ea7f67488eeb6caa27a"
signature = "iNUEABYKAH0WIQQFx3danouXdAf+COadTFqhVCbaCgUCaBB8ql8UgAAAAAAuAChpc3N1ZXItZnByQG5vdGF0aW9ucy5vcGVucGdwLmZpZnRoaG9yc2VtYW4ubmV0MDVDNzc3NUE5RThCOTc3NDA3RkUwOEU2OUQ0QzVBQTE1NDI2REEwQQAKCRCdTFqhVCbaCqOVAP987LpB7oRJy0pLySNFrUb73byPmEw91N/aQFrDX1IrWwD/TTXyyc1ulsVNhoEDk7MKS+NzMAaJX/f1gz2pQFeeCAU="

[[package]]
name = "gtest"
version = "1.17.0-1"
system = "archlinux"
url = "https://archive.archlinux.org/packages/g/gtest/gtest-1.17.0-1-x86_64.pkg.tar.zst"
sha256 = "e8be39f1917ae843c58128c302e583b0c570df1c8c6106239cec4c84c9b73317"
signature = "iHUEABYKAB0WIQTrPXZP9dh+CBij4OXwXowSExrrXgUCaCCWOQAKCRDwXowSExrrXn22AP97xO8YH+V5imcJeYLJ3XZIbVh2ylHeuyJfQ5T3htys4AEAnVqyhN9n7oELrWay8yDm9qk3pOi4XH+JI/Sd28N96gQ="

[[package]]
name = "guile"
version = "3.0.10-1"
system = "archlinux"
url = "https://archive.archlinux.org/packages/g/guile/guile-3.0.10-1-x86_64.pkg.tar.zst"
sha256 = "bf4d1b474045a88c7ad97b1ce56e8dd5786e5a10de02a8d33dc8f041edc8d01d"
signature = "iNUEABYKAH0WIQQFx3danouXdAf+COadTFqhVCbaCgUCZnkshF8UgAAAAAAuAChpc3N1ZXItZnByQG5vdGF0aW9ucy5vcGVucGdwLmZpZnRoaG9yc2VtYW4ubmV0MDVDNzc3NUE5RThCOTc3NDA3RkUwOEU2OUQ0QzVBQTE1NDI2REEwQQAKCRCdTFqhVCbaCruHAQDnjJsHGhq4cae34rHS1z+Hr6yzjVQSxvA6SE9XpredlAD/cstobLSMUsHswxf5df94XkoDPJdJs44uXE/iu9gsgQg="

[[package]]
name = "hicolor-icon-theme"
version = "0.18-1"
system = "archlinux"
url = "https://archive.archlinux.org/packages/h/hicolor-icon-theme/hicolor-icon-theme-0.18-1-any.pkg.tar.zst"
sha256 = "22ec69012b9a55e276b5891f916366f692541dce3793bff3e85a28a10b91990a"
signature = "iHUEABYKAB0WIQSDvIiJNRtd67toQW64rAhgDxCM3wUCZk/ttQAKCRC4rAhgDxCM39FIAP9Zcpg7ei4MUwFlnla8x7YDFRtQFp2WtiPOhyohRoMxhwEA2Fjer9ZWaLxYDvXfG3TbweF7ZzIQ621pJSfzl/HCnw8="

[[package]]
name = "jansson"
version = "2.14.1-1"
system = "archlinux"
url = "https://archive.archlinux.org/packages/j/jansson/jansson-2.14.1-1-x86_64.pkg.tar.zst"
sha256 = "18bcb1ca84cf1a59a09d8237d379ceed73acaa1c50ab7a3339800ff665a2f230"
signature = "iNUEABYKAH0WIQQFx3danouXdAf+COadTFqhVCbaCgUCZ+RdUF8UgAAAAAAuAChpc3N1ZXItZnByQG5vdGF0aW9ucy5vcGVucGdwLmZpZnRoaG9yc2VtYW4ubmV0MDVDNzc3NUE5RThCOTc3NDA3RkUwOEU2OUQ0QzVBQTE1NDI2REEwQQAKCRCdTFqhVCbaCj9MAQDhsiYeCDjvXoHp2TSRinf8gW+FDlRk53V/gtTpqofDhgEAj9NTp35ZhpycEzbbofVyGw95ZAwHVIEHLZ9jhRGHkA4="

[[package]]
name = "jsoncpp"
version = "1.9.6-3"
system = "archlinux"
url = "https://archive.archlinux.org/packages/j/jsoncpp/jsoncpp-1.9.6-3-x86_64.pkg.tar.zst"
sha256 = "2aa066e1840850aad3b901dec9e8aaa047afcd1835576378f6ba16285c268fcb"
signature = "iQEzBAABCAAdFiEEFRnVq6Zb9vwrc8dWek52CV2KUuQFAmblvasACgkQek52CV2KUuSEOwf/fm7VzJjRdFKN6DVeDqFkQjkfaOenZtUCQc3GuSvt9xOZ9ghv6F1Myt3Z5aDnApntNsn+zqjV+OpAPjeiJcrnS8vN+PZ8QLx2udJgO9uZ2e/SG5gkowJvjJFqB2eTL1XeUOhyFzjo2b4dC4VRMxId5oZ/o2jsa1HfRVipSYz3ulfngiJTaUlGHGqSvQc7ykmrs2cnWuCuhY9xIhhLQSo0xvYGaBuCOwCTfGmG+G/IcL+JKQh8kBkTydu92Odpig+dyyhhAZXWHXNuUN/WMxRJZUrsHWLV4eCVV8G1pZknF0o8bu77uS5rTC7hPXSLElvK3eZ+UE2A0EVoha8jn3HVFQ=="

[[package]]
name = "libedit"
version = "20250104_3.1-1"
system = "archlinux"
url = "https://archive.archlinux.org/packages/l/libedit/libedit-20250104_3.1-1-x86_64.pkg.tar.zst"
sha256 = "9b4167ade67f899d5f4d1e0d3e8e8f18b5edfdd076f5aeffd100cb3093117987"
signature = "iQEzBAABCAAdFiEEW34/txt/EDKaHAOrdx32Yn7faB8FAme8RWMACgkQdx32Yn7faB9bnQf+N2KYErONnv0FLvqScucx7dhD+DNMqRFEEruhqsnAtP9KZzRePYMys6Uhn4TlIysatDnz6qy2UMeXuLOKDAYXMz4M37lfRT6YsBzbNj93FQlVrfelM/ap6U3vGBnHUVv8zqPoI6SgF+qqRuDJtoE3DR6TiiHgYm2oHRR/0NwF9S3hxqVkc+Ebmz7VTTlXW0x/g2uOKRqPyJR17GCuVrRWW/B0eIYrNIVVTE9jcMVKC5Uil+OAYd1bPoTQRgolw/Vp13QnHyUC4u8OwM3yl1b3CWjdRkwz7ImS+K5aF6z9/bUGzPwM1WmPkiz4TNeYHqxnKAQ9GnSLZOJBv1rMl3mI+g=="

[[package]]
name = "libffi"
version = "3.5.1-1"
system = "archlinux"
url = "https://archive.archlinux.org/packages/l/libffi/libffi-3.5.1-1-x86_64.pkg.tar.zst"
sha256 = "2a5df57eb1ec875b8fd825baf5eb70db2d487d7652532415b4bba38037afbb1e"
signature = "iHUEABYKAB0WIQRizHP4hOUpV7L92IObeih9mi7GCAUCaEm7ZQAKCRCbeih9mi7GCJLOAQDTxEno4J3sJuB592gJUhX2S5d0JFtTrZDzWntw+r4HhwEA17P2JG5jlWj3xE3SUe4Z+6jXZNnWyt9ygybhcK+XQgk="

[[package]]
name = "libisl"
version = "0.27-1"
system = "archlinux"
url = "https://archive.archlinux.org/packages/l/libisl/libisl-0.27-1-x86_64.pkg.tar.zst"
sha256 = "55a36e8195e6d9ce2efeb4276c60df6b6e7d94812fa36f8423d5ce664a5d34df"
signature = "iNUEABYKAH0WIQQFx3danouXdAf+COadTFqhVCbaCgUCZtWJeV8UgAAAAAAuAChpc3N1ZXItZnByQG5vdGF0aW9ucy5vcGVucGdwLmZpZnRoaG9yc2VtYW4ubmV0MDVDNzc3NUE5RThCOTc3NDA3RkUwOEU2OUQ0QzVBQTE1NDI2REEwQQAKCRCdTFqhVCbaCgPbAP9GNpnE0ra4qZOGYyJtfnyG42f8Z9dLpX21F/sY/a2UCgD/dz8x7harwjTofWctVHyyCacJsLhSq2jvSfrvvL4H/w8="

[[package]]
name = "libmpc"
version = "1.3.1-2"
system = "archlinux"
url = "https://archive.archlinux.org/packages/l/libmpc/libmpc-1.3.1-2-x86_64.pkg.tar.zst"
sha256 = "10554706eb15ed2186fbd55fd5db8fa5919788ac9a75d26c0b9ef5bdfca9d470"
signature = "iQEzBAABCAAdFiEEFRnVq6Zb9vwrc8dWek52CV2KUuQFAmaHCZwACgkQek52CV2KUuRjbAf/TmL9cCMXYTGsNmR2om6kT7XjczfZoFR9AM0FSTUNy5AuNZNUUCfm6ie6F4rFwHc3nETOSojScOZauZlcNiLrVriHYYFSZ8EhKiCJCo68a7KTbceBNoBuT6AEIpGMpIMti/cvWhu8VXl5JIRo8LNPBzDih05aCDUJ2nayKPYNHalDayu87sDXzJYXuzC8KD7XmUa7Kirn0ZpA4VZXc8CUjYYvn0wvRwLKQP4WMpszxmblQWjMVbQxh7dwC+gPtqIANVjoGKMRfr6QpT03XXIEaTBKbMsxeYFvwn+y2JN30t6oFI6LJADZ22VwimEzu06u+x9c+3+pr4k7Py43OCOGmg=="

[[package]]
name = "libuv"
version = "1.51.0-1"
system = "archlinux"
url = "https://archive.archlinux.org/packages/l/libuv/libuv-1.51.0-1-x86_64.pkg.tar.zst"
sha256 = "4a4e992621b881a221becb6b9669bb4092ffebec8d87bd90f235866356cc5c35"
signature = "iHUEABYKAB0WIQRUwf0nM2HqUUojd5Pylr3lA2jGzgUCaAuLRwAKCRDylr3lA2jGzrT/AP43Gr5SSjnTzsFRn9PXhiwSxSD9n3wnk+MY0BWz1QKiYwD/XYWd0OVkTq6LSIbIBsmp5msI8fCiYMyVKNBHimfBNAU="

[[package]]
name = "llvm-libs"
version = "20.1.6-3"
system = "archlinux"
url = "https://archive.archlinux.org/packages/l/llvm-libs/llvm-libs-20.1.6-3-x86_64.pkg.tar.zst"
sha256 = "8d4acca31bc792edf8292fff74083ef6db6eb9a140607a7bebf0463381c89bd9"
signature = "iHUEABYKAB0WIQQhkbiUMbrAqLlt6T0kR0DRfH/Q7AUCaEHAwQAKCRAkR0DRfH/Q7JoKAP0bL8CyIQVLIiQkQv0Y2P97eLWo29rf37JfBFyXCIJuYQD/a12Lp2DdLIvN1FkPntRuHrlskcDYFxflImqVC+Jc/Ag="

[[package]]
name = "lua"
version = "5.4.8-2"
system = "archlinux"
url = "https://archive.archlinux.org/packages/l/lua/lua-5.4.8-2-x86_64.pkg.tar.zst"
sha256 = "ae687129437b412be66e64cfddaff3093354a92412a78955ba6d3ece43c08bef"
signature = "iQIzBAABCgAdFiEEj8FaBklQqZ3RvRTdOeS4d+YuuRUFAmhMs+IACgkQOeS4d+YuuRWSGRAAsULD+7/dbGYWpRaWKqjnj15nIyHkGTyJsVFM0nFdXQYtzP+WBhrvGNH5xj1sHGEWboH88w12RhCqOguOaLRnn6uONaxbZsdMykybiByCxtcU4GyQRdcaOfR35daerONPf2laJ5NlS3w34rmjjJyetquqTqo+z3pLUAEoqjLp56SxgimNU+GtC/x5G81GArnvWJhwbsFe8VcWCHV1B/oblRFfSBKsfw/RU3u0PoBVbbnudHk0Rcdigm/NnXfgVaUtOfcTdfbOpA61gqTW/1BXatf6LJKdRb2Wey/kaCDTfPQTO/TEPnH7hrqbpC1SrL2KG2OYD8jTmW7z1dwUnclBkVMZt3MPR/CL/JGZlzERo1Fmde/HSBMk6TUkwYdU3rHzOyMgJ1PFxU6qgj0spM4FaO+dB/Zo4FpRZS8bQ1Gob1WaQfzEXsP9t+YmHi6fmE2aylH/0OUVjALLMMA6ZnA9XxnooChssJiCAU2/M1ZVbjd4BcbmM1NLWHzjonafyWfjRrKiyzG0haF9gqLDZjOOZ8fDhuPHaEY6yxgfHpE4VZtIdhcY2a+uVshC8ZhnaoaKAL1x6JtkbNLTY7n/PgiCxUx0gH7sLtWIqdKXyCkKzOREzq6J1no+XBOmBk4gpy4/V2pOTUgTJt+wZd90SLzEkXpzVxvJHy14DWjj4L6pEvo="

[[package]]
name = "make"
version = "4.4.1-2"
system = "archlinux"
url = "https://archive.archlinux.org/packages/m/make/make-4.4.1-2-x86_64.pkg.tar.zst"
sha256 = "7c1bc0d882f7c8d1bcb305eb7efaabc19ed6afa5a9a443575fa0d5ed57985535"
signature = "iHUEABYKAB0WIQSZH24/B2XPYpWIhYYTmwnaW/DTOAUCZBT0lQAKCRATmwnaW/DTOKwJAP9/kfT3rO0NhbD8wuI6ajzjyKtrl4SfuU0yu/PKByXQOgD/aYSvsyXylJhCadU2smO4LbP2Vj9fnIvEwPvbXbesVQ0="

[[package]]
name = "musl"
version = "1.2.5-6"
system = "archlinux"
url = "https://archive.archlinux.org/packages/m/musl/musl-1.2.5-6-x86_64.pkg.tar.zst"
sha256 = "b858891e1c97517cab07a7c060affc47bef7819266e0157554d59f3ecad79fef"
signature = "iQJLBAABCgA1FiEEiee5MxxK59f699MFwTIpOVS75K0FAmg/nssXHHNwdXB5a2luQGFyY2hsaW51eC5vcmcACgkQwTIpOVS75K0KiQ/+N+8Vg90QUuC+EsFzt4kFOkD74IZjPDSyfsNbIgP1y8curfRtZJDR+hcWzYQEbHB6jjVBZeAgVlEaYQQsSWCXthcXslEfNyCP3FWp5hNC6VFibfZhZbg45T4P/4lCd1UuOdY02UmX8yo8rmmltCYPk/AGvoi89nAwRRhj8UU30pQfufouha2jJ178Lgv8eT6qqUjS5KCkaeheg3yUPb1W6br4Lm55owk3GtVxe2hQ2hMmJU3Dzavy80PBZb0bD5JvPQJ0R13IET5+Qn/a7XkJL1oxPmCM+TLcdobnCYNjXXNL1egYKoeaqYvMa95VPnXysjlIVcijBB2xpHaMd5x47y73c6yfBmrp3zYqEZcV4ZmpUG8bCq3XL8IUq29wDkI7W02vNyUYsbyBox37a0eG5orLR2K2Oj6bH2xJl2PcJC9HMoLvoCopQlU3+xUAEjbYQVpoMdryuJUQfmYjDOCZOG6ilYoM0burw9naf0yE/17wKIVZegAOtYcKIN731NGgKCWgfJ25/kqSWFjAPQLGFrtUbJuJ5UX3vCmUz8uG0KLGXdoNPssI2W1zEFDjANWGxXKk2s1ysAMCtnDqOTfmmxqlyYTIdjtT5fBbgQyjtXYi3+ktqnsgulS/Fq/ST99+5/z/HRqAJY06pjrmDgR/wNC4kzWEF5YSCe12KWU/zpk="

[[package]]
name = "protobuf"
version = "31.1-1"
system = "archlinux"
url = "https://archive.archlinux.org/packages/p/protobuf/protobuf-31.1-1-x86_64.pkg.tar.zst"
sha256 = "031cfb69df101b81629dbfa77f6e541efe918b967a2f84172e1be0710e0d902a"
signature = "iQIzBAABCgAdFiEE8AuW0VIoAT/8nJ0Dk7EdqkwZfj0FAmhKlBUACgkQk7EdqkwZfj2STxAA3b4bXXEoppapcLhtd+HfXt4YGglUu4VP4psxXN45HH6Hzj4O2Hge3Z5mqjp2k7Pm1DHZQuov0kAvWiV1EYS6ZAyrNy5OzY/7GK7NUYgJqotVav57AsB3qORVinbTu26S++NGqImbAcH0n3lLivL8rEtq4a3MD2Vnj25ALHgKkKTvrkEJ8L7kU0MqsvJxuPariztJaDZN1T6qz3VRR6J3RMl5UKZRMxGofpG1WE7JaSqaaIKqD6In2f8KT0Rd7B5fCh2qGJ9pybuDWUPLoJntBcw3gVPfj3DhnE3lJ4rcmUBE/cjBUORE9qxbVldVnr6+8rQP4F929g7x7tAkpB31vDXxQ7hrS2+dEmLQR854DEJH2EIXHBw1NdC07ChuS0og2EiHEDnrd92nsjrnZwG+W+bUssnYZWpW8431UGbE5gd8fMx7GyI+Aiq0uXV/CeSlqAmimHfR23M+PY4+9P+p4zCsP8DB6xIfCiHXbqh6luW24wCVAlbgtUpdfMXMZxTgKdhrnzjaOgKJmA7eca5KJnV1u5IkJqsyIeddr3KTLcbKwCYxBlLcvhfNdGfQYCtaBJQMveOThiHtQQAwgEehSF2VzJ2kvvtAVixU2KElH111g1vSQobxa7EANxI5FCY/Ucg81VtfER6bD76JdKhxoInbz5pWNnKdpopeOV27Hsc="

[[package]]
name = "rhash"
version = "1.4.4-1"
system = "archlinux"
url = "https://archive.archlinux.org/packages/r/rhash/rhash-1.4.4-1-x86_64.pkg.tar.zst"
sha256 = "6a5047515b12a123e374b4546e943bb6cd701b6fc471a8948388d0d2c5f226d4"
signature = "iQTHBAABCgCxFiEE5VD//9SF4mShcX4wkBwcMg6w1F0FAmUt0ElfFIAAAAAALgAoaXNzdWVyLWZwckBub3RhdGlvbnMub3BlbnBncC5maWZ0aGhvcnNlbWFuLm5ldEU1NTBGRkZGRDQ4NUUyNjRBMTcxN0UzMDkwMUMxQzMyMEVCMEQ0NUQzFIAAAAAAFQAVcGthLWFkZHJlc3NAZ251cGcub3Jnam9oYW5uZXNAa3lyaWFzaXMuY29tAAoJEJAcHDIOsNRdjngf/jdEdiLR0ihoDReMh9ucF1rdVty0BHv9Oy1h8eQ9svdNtyDS7Yp+plgVskTw/qfJdff/AyKHGLsYDQW6YxZeHpEpaeO70hz/t+mxpeLtKkmdkzXE0Zn+sZV4ylaXg5/PP7j0yAhaYibte0mN/s+Od2lOxPpvABcLJq+x+zgMjAEX2mnyTtLRmipf/wgCvRMyCvFP2Sif7ux10Vw6gpd6z84VHw1gLt14XQI7bkI6pEUttYl74L8FPj9sqizFZKr3sepBkPteeKtuZQXuT7U4sd32k17HT8hm2K4lUfqwD4ixtkkEbP9X7hBxifSW9+7b+uihHUEaq/poo+Fwh+VuOOnF/paIM/66oGoipg4AUgEomw20ZctHCPk2+TxKaig5jbCmr+zueF/FbScqQ99pkOIYadztxckNWftA97LqmLJqx02wXPv6yUDjFpXnf6LQP2jVeNYwaAkp0PC03JBZBTnRjLWnEuyx96VUyB2rgi5n9iKVQZ0msV3JokOzetNHGVwTseJeVFHi7wr3fDOSTKUVRAl97nYCNeHzf83fZQwoK4/HejXZ/mU3bk4jhRkcehirk6QbFKgmMaF/S70KGjktBBtNHs/0OAVse9bwotCLcC1v99ZtiLjltZW7kYnL57Jsmu5DrKv3FgtpDmlcQuwwAcC94/vvBqJRugqzJuE6qBmTWvwRLgJtQHZc3DJk1Gm/YqZlbz7VDoIdlAvQpqFH7o9/NXPVIzZmJaayTGkMzIXfN5wUFTNOqCA9ayhgx+u90uEDs3kWCXub02hHaXzwAFShZG+N3iTNRb4c82Qp+xdYtKKg3v6ox61n6HFGFaufhgR6GDHBpMCt3muNpMMYkqJKBQgllM+MhlRZkxN5wNcd0j1GkQNMwqni4z5Xcs+wevxClaTkLuN3MFI/GfPwSrHmgSm+k9tzrVSXpkml6bYaj+c1obnMXy4SC4wyd/2ZGTZkQbPKGdKqOJFxaBIBMZIcxKS8i38iesAP6htKHTKnnYe7R1YMwchmpSlp0ZbMTkyxrn4a+lRzbX7qCK9Vd72D0HbCG/qYHETSEapencA59jyVjN2qXyF24tX6iKuKqqYb253PZ+O/vqOG6ZDI1ZptetPKF/SRHf9TgOkJwXpHvwzbO0q37lX9VQ6KAKyg43IrpTSysLoNnE9v23ecHCOVkizI7BsEyJKS4V6naf9ZegC1XvqbklpqkI2uS1mP4SBEWWHt0tOxuF7VlaVb64wNmZwWx78CYTFUlhywu6d/Qs6WUu9/HW6FQLZ1pIS2b8SRVQYv/d38OQvyC5w3iPXeRS8cAbYvRLtwtDMYgB+YcKRxX0O5rMcwsl/2ZxFt3oZa5n3iP8SYbeAnhic="

[[package]]
name = "rust"
version = "1:1.88.0-1"
system = "archlinux"
url = "https://archive.archlinux.org/packages/r/rust/rust-1:1.88.0-1-x86_64.pkg.tar.zst"
sha256 = "93d186e05091ca1bc858b5f8cea760b9664e0135c9fb9d92e1bd8daca33d27f2"
signature = "iHUEABYKAB0WIQSDvIiJNRtd67toQW64rAhgDxCM3wUCaF3bkwAKCRC4rAhgDxCM3xHqAQDwNH58ci6yFvpgZ4D1TisX2rIsqaDageva4GMP0TTr8QD/bAkMqKcSp+hRtbqwJOtGLm1CrIVSB9HXzAnsEL49Dwc="

[[package]]
name = "rust-musl"
version = "1:1.88.0-1"
system = "archlinux"
url = "https://archive.archlinux.org/packages/r/rust-musl/rust-musl-1:1.88.0-1-x86_64.pkg.tar.zst"
sha256 = "a197b251a90fe9b4c140f015fd4cab10719bbe2ad6edee2566738a5ca32c547f"
signature = "iHUEABYKAB0WIQSDvIiJNRtd67toQW64rAhgDxCM3wUCaF3blgAKCRC4rAhgDxCM30K8AQCq1OK/3srVQoB+URYvdJ6qiL3K52mPWJAnrIdMWRILSgD+IFdgdwro2BHFUUd4oBEIA2rR8VisXoJG6MlZHJ9tSAI="

[[package]]
name = "sqlite"
version = "3.50.2-1"
system = "archlinux"
url = "https://archive.archlinux.org/packages/s/sqlite/sqlite-3.50.2-1-x86_64.pkg.tar.zst"
sha256 = "07765fbac51a31aba81dcbb2c0c583cb333a7c17908d69b0a5f21235136785ba"
signature = "iQEzBAABCgAdFiEErcih/MFeAdRTEEGelGV6sg8qCSsFAmhgKuYACgkQlGV6sg8qCSsg+wgApSmukLC/vtF1j7ewZTEEDMjFUf1Iw/qHZzqVvuN3o5eOmp+qhpwCatENqDBPNyL83CTUh14BMVYrrdCDEszKyBeUED6RDWanAS5moni4wqK3sPMZujX5CbFA5/6DA8S2IWWyoUBzQW7d+iMK4utoOjDEz6BAYDnqLyalmeyzA9zFPk0mhbISmipfEqARdLDomR+WJKqbsrOH/VTnMhLhkMeLc52Cy/BAHUewcJRK0JmFbUPZ3375nMwWZPVEIkMmwGCiIC+xLp3+LJFjP3Na5mH+U0AqYqDhlD9EhReQseA+485KeJo3swOZ/EMjQO9df14ex49MDg4oUcElu5ie3A=="
