[container]
image = "docker.io/library/archlinux@sha256:c136b06a4f786b84c1cc0d2494fabdf9be8811d15051cd4404deb5c3dc0b2e57"

[[package]]
name = "abseil-cpp"
version = "20250814.1-1"
system = "archlinux"
url = "https://archive.archlinux.org/packages/a/abseil-cpp/abseil-cpp-20250814.1-1-x86_64.pkg.tar.zst"
sha256 = "466313af41985fd11f13cee938f30a7341da195f37d0597fe7a1abe8f3c4fb29"
signature = "iQIzBAABCgAdFiEE8AuW0VIoAT/8nJ0Dk7EdqkwZfj0FAmjRovEACgkQk7EdqkwZfj2jqA/+LeXv8oPzhCLcpZTurD4gKz3F5flqob4mdwFJm7DJ0B2Z3f6W20ozCAwwlbrVTHNH7O0juuT+ONRhRxdgHQZAs84/V+h7Ec/SJ1LtUATZwbOBJkwp3roiHuzr56bFHU3U0EHO/S+9dhBaddazScI7jaZ9/c9O2G0rgPQZaxDprYjL/QwAlSinbEY0WWj38lTT/Zy9MmMjFxXf6btTVTmTPZ9oUpo9TCQQtGIDfHgfe7jFTp7vXFl09E1jEiULyTcWBNJGLQI8GIStEl6tyFBd00JaCRlTaCvS7V2JcC9SZwJLgSWMBSE8BXJmBBGwZ+dqSZJQ4i/JRuYj7vrfft+qJgRAhxskW1+H0hYpENYEMk0iqZztEInpEWdJcSGtj4+5j0WttBvLfaYOU803MUipjPOYUaV51zpybbZrRMoGjPCPCBY75rS9pPAWrV23ESJ9qWF9TBZcxMIrKzMEpHWBSr1DNT5J7LNSZCYK/tvKQTDYdOZj0ONkPKbVWEKbihEe8ovD5rJyMwdTamJCI2YBeL8v2tMConr9Jgkl+Hrh0bdVgaDr0y1yulVkDffcaZ1d7J4KH3tVFGm5aC7jsnJKY01s6OFbMLppjh5gR86djps3l9AvAlhrP8WGLwE16sOOQHGggWDWUC6kKl+dnMT8tu5aPrzEWR5z0nUo27ZAZzc="

[[package]]
name = "archlinux-keyring"
version = "20251027-3"
system = "archlinux"
url = "https://archive.archlinux.org/packages/a/archlinux-keyring/archlinux-keyring-20251027-3-any.pkg.tar.zst"
sha256 = "7130bcbc0c54aa5be6cc1da784836f28036ed182905515c6b0d85f1c6db1e26a"
signature = "iHUEABYKAB0WIQQEKYl95fO9rFN6MGltQr3RFuAGjwUCaQOTlwAKCRBtQr3RFuAGj8OZAQCjXBbOseELs5rSFVgrkdPtfhAVZ6XKUseskfZkZABvmAEAk2nksajjKxsz9pAtvWVs3Yzm4NYLkKFstBGwFRPyQA0="

[[package]]
name = "audit"
version = "4.1.2-1"
system = "archlinux"
url = "https://archive.archlinux.org/packages/a/audit/audit-4.1.2-1-x86_64.pkg.tar.zst"
sha256 = "a484b6a37593d7d520075dbdd84e4a2089baa4c49e359465c8828734116743f4"
signature = "iHUEABYKAB0WIQRizHP4hOUpV7L92IObeih9mi7GCAUCaP1VUQAKCRCbeih9mi7GCJGuAQCE/rrAaJYfWRHXambczdFL2J9Zo6g2hsoIOoyaTN7bzwEA14NfZ1/7OoQIlty/rlaMzBfRfkYlc0E3BMUsDE7U0g4="

[[package]]
name = "binutils"
version = "2.45+r29+g2b2e51a31ec7-1"
system = "archlinux"
url = "https://archive.archlinux.org/packages/b/binutils/binutils-2.45+r29+g2b2e51a31ec7-1-x86_64.pkg.tar.zst"
sha256 = "9b4e769969e6b659868466582179adf9fc51dcdd622561e8feb5feb393faab65"
signature = "iNUEABYKAH0WIQQFx3danouXdAf+COadTFqhVCbaCgUCaJyzVF8UgAAAAAAuAChpc3N1ZXItZnByQG5vdGF0aW9ucy5vcGVucGdwLmZpZnRoaG9yc2VtYW4ubmV0MDVDNzc3NUE5RThCOTc3NDA3RkUwOEU2OUQ0QzVBQTE1NDI2REEwQQAKCRCdTFqhVCbaCuAUAQDxsvXdPvY8+iaMBTGS8VC+fCzquULwmaHYltelv2vb5gD/TZ/2gh5J7JLH0XRu+BlhMYaV5gRaIiuEWUX1H2WkKAY="

[[package]]
name = "cmake"
version = "4.1.2-1"
system = "archlinux"
url = "https://archive.archlinux.org/packages/c/cmake/cmake-4.1.2-1-x86_64.pkg.tar.zst"
sha256 = "64c3b3f0c6beb14a6036695c2c3a18e6ffa3c3b46049b357931cfb5d0c862ab7"
signature = "iQEzBAABCgAdFiEEFRnVq6Zb9vwrc8dWek52CV2KUuQFAmjcPT8ACgkQek52CV2KUuS9pQf/bMHG7mB4V2dwXu3HkV6gub5kd0MRAqkv3KD8+26Qd8DwbGyppi6dOfIjXqsCItpTo/TOAJzxSndPsQNbgNPY9e5ex039bekvGWhRQclDQzGL2rbouQwJlLfWpO6ncvQG3hioqS2Mjqrb/NlZuQFFJd3SlMsaaO2Qkq3wCy70B1dMzdsOW6CkruKG4HrW9G6FBDRMsKnn/AjJDM3b3yokab8DqE3SW3K+GhIXEI3LPg6NEke6kEKJC80O1OcZIjJWUDDRlYPII7LG9pTfGktodOW7zlKWjbJwR1Qr8ssRVB/Q24dVTX6iorz8H0DOpRgGqTcvaErO2YWM/VJgB7/MIQ=="

[[package]]
name = "compiler-rt"
version = "21.1.4-2"
system = "archlinux"
url = "https://archive.archlinux.org/packages/c/compiler-rt/compiler-rt-21.1.4-2-x86_64.pkg.tar.zst"
sha256 = "c7b82d73130ef9aed70085ecb069465ac104b56037604c8a295a925992ec53f3"
signature = "iHUEABYKAB0WIQQhkbiUMbrAqLlt6T0kR0DRfH/Q7AUCaPgdUAAKCRAkR0DRfH/Q7BAWAPsGgfyYX0gNAisaVRPDYUqnzPd404YsQqaeKfcnPDlGWQEA/ANDhTsmlNov+cssUAfc2FuIbX0uvco46Jjq/CAFYgs="

[[package]]
name = "cppdap"
version = "1.58.0-2"
system = "archlinux"
url = "https://archive.archlinux.org/packages/c/cppdap/cppdap-1.58.0-2-x86_64.pkg.tar.zst"
sha256 = "29796195345f80920d6e018d53cd0f92eb7b7d379849d262a0dbcd4b1fa573ef"
signature = "iQEzBAABCAAdFiEEFRnVq6Zb9vwrc8dWek52CV2KUuQFAmaDH8sACgkQek52CV2KUuRK9Qf8CfghNmb2AN0lgBcvxo38BgOIfBUlC/Zyd2yymxInhogQNgj5xKGDF9ZsLzTXNuGx1s5LDrjLsyLHgJgWIg39sfdAepQtZ1kJPm5MmmIqFMwvVmQ1tPUBOgAQSWs8XL4ssYvYuN23npSh+RhkYC62GhCsJm6CXjSCpksV+F4mHnOik/khw6rPb2hj7kzi+k5x5N2G5+qm9cOcKQLgtkX0lefsAkg5ZjH1qZm3Twa0p/2xMc8cigHtdm5TTTqH9nhKk68eOTAFJvr1T9oo/UxKuQm8pOofjTcKpECFpRpGy+nkxADI08pwvFDN44GE4QAnecpchRleWnnzghh87KExIw=="

[[package]]
name = "device-mapper"
version = "2.03.36-1"
system = "archlinux"
url = "https://archive.archlinux.org/packages/d/device-mapper/device-mapper-2.03.36-1-x86_64.pkg.tar.zst"
sha256 = "528089cec9e9dcbec5690958716a5b13e19d86324c0f81e31cebeac6e2622124"
signature = "iHUEABYKAB0WIQQEKYl95fO9rFN6MGltQr3RFuAGjwUCaP0BCAAKCRBtQr3RFuAGj5/4APwPbos9AmD9f5MOjo5vsGISeMPNdpfOWh9J4uhl458smQD/UmaaoeAANxpw7GFxtG4N3A2pMBK6u0AlH33Cfr8BnwY="

[[package]]
name = "filesystem"
version = "2025.10.12-1"
system = "archlinux"
url = "https://archive.archlinux.org/packages/f/filesystem/filesystem-2025.10.12-1-any.pkg.tar.zst"
sha256 = "6b6c3fee7432204840d3b6afc9bc1a68c28f591a47fb220071715c40cca956df"
signature = "iHUEABYKAB0WIQRizHP4hOUpV7L92IObeih9mi7GCAUCaOvWsQAKCRCbeih9mi7GCDUkAQD0aNjLY4JEQc1r78rnbDnHnGVKf4+NK6YqOHRczT4GFAD8CFITR2hoYIkxcmNjqexDF02XAjdXtuiPwg2Iv8rT3A8="

[[package]]
name = "gc"
version = "8.2.10-2"
system = "archlinux"
url = "https://archive.archlinux.org/packages/g/gc/gc-8.2.10-2-x86_64.pkg.tar.zst"
sha256 = "16e9f60c65fba9911c77df1c378c1b68e3d5e4d10f6622564a03a5cc1e9142bc"
signature = "iNUEABYKAH0WIQQFx3danouXdAf+COadTFqhVCbaCgUCaPkUuF8UgAAAAAAuAChpc3N1ZXItZnByQG5vdGF0aW9ucy5vcGVucGdwLmZpZnRoaG9yc2VtYW4ubmV0MDVDNzc3NUE5RThCOTc3NDA3RkUwOEU2OUQ0QzVBQTE1NDI2REEwQQAKCRCdTFqhVCbaCoZ8AQD2A2qARCOLtSKXvdSun6ipZGlqvb88DRWWh5sYyLGeTQEA2YVNWl+f2BkTw5huPZp76W88D9d+3Eso4jEhX0pCOg8="

[[package]]
name = "gcc"
version = "15.2.1+r22+gc4e96a094636-1"
system = "archlinux"
url = "https://archive.archlinux.org/packages/g/gcc/gcc-15.2.1+r22+gc4e96a094636-1-x86_64.pkg.tar.zst"
sha256 = "fda9f88e73477e7201a7d8a012b949b1d0c53660b4598e2252930190598f7a05"
signature = "iNUEABYKAH0WIQQFx3danouXdAf+COadTFqhVCbaCgUCaJyzFV8UgAAAAAAuAChpc3N1ZXItZnByQG5vdGF0aW9ucy5vcGVucGdwLmZpZnRoaG9yc2VtYW4ubmV0MDVDNzc3NUE5RThCOTc3NDA3RkUwOEU2OUQ0QzVBQTE1NDI2REEwQQAKCRCdTFqhVCbaCtN8AP9GVil5dJ5FQ7GTYEH3KblDVoXX5Szl5Ihzbh0IJs+9hQEAl1ezL2qACtBZSZKeOqQzBtf/PHrDNdLQfwSTRvx6MwI="

[[package]]
name = "glib2"
version = "2.86.1-1"
system = "archlinux"
url = "https://archive.archlinux.org/packages/g/glib2/glib2-2.86.1-1-x86_64.pkg.tar.zst"
sha256 = "6bbccf6740dab25e8b273f7a994b077fb5f463433d7ff2122de93ba69e35ef84"
signature = "iHUEABYKAB0WIQSDvIiJNRtd67toQW64rAhgDxCM3wUCaPevuAAKCRC4rAhgDxCM38KzAP4+PmMqEaTO7R+Qjx9qSkU0n624A7uyAoOTGWCQtdyAhgEA0PqSnxJ3Hglf3sKaNJOysGCrpXAeVMSfHB3skqwXMg0="

[[package]]
name = "gnupg"
version = "2.4.8-3"
system = "archlinux"
url = "https://archive.archlinux.org/packages/g/gnupg/gnupg-2.4.8-3-x86_64.pkg.tar.zst"
sha256 = "5d16c83cf9fd35f9a79cc290f4f586283374e0b8cebd5e17029bf7bad7a471f0"
signature = "iHUEABYKAB0WIQRizHP4hOUpV7L92IObeih9mi7GCAUCaPnw2AAKCRCbeih9mi7GCBwXAP432DyZDVDqdippTuFdGjhgzo+2+oW1ZbUc/fmNI5K95gEAouSYavqjn829uJublvvLoMyBYdKQ5d9Zgm6P73SypAM="

[[package]]
name = "gtest"
version = "1.17.0-1"
system = "archlinux"
url = "https://archive.archlinux.org/packages/g/gtest/gtest-1.17.0-1-x86_64.pkg.tar.zst"
sha256 = "e8be39f1917ae843c58128c302e583b0c570df1c8c6106239cec4c84c9b73317"
signature = "iHUEABYKAB0WIQTrPXZP9dh+CBij4OXwXowSExrrXgUCaCCWOQAKCRDwXowSExrrXn22AP97xO8YH+V5imcJeYLJ3XZIbVh2ylHeuyJfQ5T3htys4AEAnVqyhN9n7oELrWay8yDm9qk3pOi4XH+JI/Sd28N96gQ="

[[package]]
name = "guile"
version = "3.0.10-1"
system = "archlinux"
url = "https://archive.archlinux.org/packages/g/guile/guile-3.0.10-1-x86_64.pkg.tar.zst"
sha256 = "bf4d1b474045a88c7ad97b1ce56e8dd5786e5a10de02a8d33dc8f041edc8d01d"
signature = "iNUEABYKAH0WIQQFx3danouXdAf+COadTFqhVCbaCgUCZnkshF8UgAAAAAAuAChpc3N1ZXItZnByQG5vdGF0aW9ucy5vcGVucGdwLmZpZnRoaG9yc2VtYW4ubmV0MDVDNzc3NUE5RThCOTc3NDA3RkUwOEU2OUQ0QzVBQTE1NDI2REEwQQAKCRCdTFqhVCbaCruHAQDnjJsHGhq4cae34rHS1z+Hr6yzjVQSxvA6SE9XpredlAD/cstobLSMUsHswxf5df94XkoDPJdJs44uXE/iu9gsgQg="

[[package]]
name = "hicolor-icon-theme"
version = "0.18-1"
system = "archlinux"
url = "https://archive.archlinux.org/packages/h/hicolor-icon-theme/hicolor-icon-theme-0.18-1-any.pkg.tar.zst"
sha256 = "22ec69012b9a55e276b5891f916366f692541dce3793bff3e85a28a10b91990a"
signature = "iHUEABYKAB0WIQSDvIiJNRtd67toQW64rAhgDxCM3wUCZk/ttQAKCRC4rAhgDxCM39FIAP9Zcpg7ei4MUwFlnla8x7YDFRtQFp2WtiPOhyohRoMxhwEA2Fjer9ZWaLxYDvXfG3TbweF7ZzIQ621pJSfzl/HCnw8="

[[package]]
name = "iana-etc"
version = "20251030-1"
system = "archlinux"
url = "https://archive.archlinux.org/packages/i/iana-etc/iana-etc-20251030-1-any.pkg.tar.zst"
sha256 = "a96affd4010a855f60684111422d1710a5dce8b5871561cea7f1469bf983af65"
signature = "iQEzBAABCgAdFiEE5JnHn1PJalTlcv7hwGCGM3xQdz4FAmkHibAACgkQwGCGM3xQdz7a+Af/XpCfMeH5pChWqXTEDNXNYg4zF0oKaexyIftepXns8ZIDQ2lFa+MRUrDTAgL8/k02a3DROKdxPUI26dAkx4no3Bhlbd5wRY8WSNwTiNs/sSiCQhzKE4Eqm+JN+9dIdi5sjzfKDL4Gx2qeaG7/UkOrTJv1q7HCdv6wcWslrH2Jcso+tZ7Z52OLIrW6R5OYRmzAUDrBwFKJFAJ5hha92LxW5yZFLetUJHFMKL1qV+ePlBqxB984YDR2m2XfSHbWt95wiqUiDwaMAiaOktpIMsfuc4QwTh3ROST1E9rhDtGgawENgY402hcB+wnzU3AOFXwEjA7s1vIXMNXWH5gRrGrkjQ=="

[[package]]
name = "jansson"
version = "2.14.1-1"
system = "archlinux"
url = "https://archive.archlinux.org/packages/j/jansson/jansson-2.14.1-1-x86_64.pkg.tar.zst"
sha256 = "18bcb1ca84cf1a59a09d8237d379ceed73acaa1c50ab7a3339800ff665a2f230"
signature = "iNUEABYKAH0WIQQFx3danouXdAf+COadTFqhVCbaCgUCZ+RdUF8UgAAAAAAuAChpc3N1ZXItZnByQG5vdGF0aW9ucy5vcGVucGdwLmZpZnRoaG9yc2VtYW4ubmV0MDVDNzc3NUE5RThCOTc3NDA3RkUwOEU2OUQ0QzVBQTE1NDI2REEwQQAKCRCdTFqhVCbaCj9MAQDhsiYeCDjvXoHp2TSRinf8gW+FDlRk53V/gtTpqofDhgEAj9NTp35ZhpycEzbbofVyGw95ZAwHVIEHLZ9jhRGHkA4="

[[package]]
name = "jsoncpp"
version = "1.9.6-3"
system = "archlinux"
url = "https://archive.archlinux.org/packages/j/jsoncpp/jsoncpp-1.9.6-3-x86_64.pkg.tar.zst"
sha256 = "2aa066e1840850aad3b901dec9e8aaa047afcd1835576378f6ba16285c268fcb"
signature = "iQEzBAABCAAdFiEEFRnVq6Zb9vwrc8dWek52CV2KUuQFAmblvasACgkQek52CV2KUuSEOwf/fm7VzJjRdFKN6DVeDqFkQjkfaOenZtUCQc3GuSvt9xOZ9ghv6F1Myt3Z5aDnApntNsn+zqjV+OpAPjeiJcrnS8vN+PZ8QLx2udJgO9uZ2e/SG5gkowJvjJFqB2eTL1XeUOhyFzjo2b4dC4VRMxId5oZ/o2jsa1HfRVipSYz3ulfngiJTaUlGHGqSvQc7ykmrs2cnWuCuhY9xIhhLQSo0xvYGaBuCOwCTfGmG+G/IcL+JKQh8kBkTydu92Odpig+dyyhhAZXWHXNuUN/WMxRJZUrsHWLV4eCVV8G1pZknF0o8bu77uS5rTC7hPXSLElvK3eZ+UE2A0EVoha8jn3HVFQ=="

[[package]]
name = "leancrypto"
version = "1.6.0-1"
system = "archlinux"
url = "https://archive.archlinux.org/packages/l/leancrypto/leancrypto-1.6.0-1-x86_64.pkg.tar.zst"
sha256 = "2a20a50708410f2c36c7a407e2ab78d05595ff94c85776f8b3b55753c8b0c678"
signature = "iQEzBAABCgAdFiEErcih/MFeAdRTEEGelGV6sg8qCSsFAmj92CIACgkQlGV6sg8qCSuZ6wgAjY8E1IFA+gCMQILqEOwEWAeCUm1cHWXo3SQOz5R2qYGIhFDk62nigrlM+YIs0QYgri6CvxcCgffIh7ujtUsJTclOyyGs+AvXlh23WOrCF/5NLLjsnutQjIn2kbr45qI/qP+KRMPDn1w8Ospp0Mu7UpNa8Eh78qWdl4TGC9LnUUPlNvTq9p7RWf7/VIKzxD7Xepb4bTWkST6bexT6+z2mYfVaWMmfk+spKMF5EHgzdLVqTTHA1na1MnD86lWd1ZaC16eGvfcTqvqK+fYL2SCa2x93aA7ZwxS0bGUU54LmetHDtnvJA1IW4ePiR+7jP5KMCTUS8Mdw8eu9CfDMJVkEYA=="

[[package]]
name = "libcap"
version = "2.77-1"
system = "archlinux"
url = "https://archive.archlinux.org/packages/l/libcap/libcap-2.77-1-x86_64.pkg.tar.zst"
sha256 = "16a575cf5266f6187d0a11930f8cfa9ba38df92a842f430c9e965dba689063bd"
signature = "iHUEABYKAB0WIQRizHP4hOUpV7L92IObeih9mi7GCAUCaP/c7AAKCRCbeih9mi7GCO70AQDHNcUnROkchgSjgRMO6O56243jue7qbsUm/zAX3lLgRAEAqo9CSqCJ04H1M6nZ/CM+mUmV8JOfnwqk1b37dr2QPAM="

[[package]]
name = "libedit"
version = "20250104_3.1-1"
system = "archlinux"
url = "https://archive.archlinux.org/packages/l/libedit/libedit-20250104_3.1-1-x86_64.pkg.tar.zst"
sha256 = "9b4167ade67f899d5f4d1e0d3e8e8f18b5edfdd076f5aeffd100cb3093117987"
signature = "iQEzBAABCAAdFiEEW34/txt/EDKaHAOrdx32Yn7faB8FAme8RWMACgkQdx32Yn7faB9bnQf+N2KYErONnv0FLvqScucx7dhD+DNMqRFEEruhqsnAtP9KZzRePYMys6Uhn4TlIysatDnz6qy2UMeXuLOKDAYXMz4M37lfRT6YsBzbNj93FQlVrfelM/ap6U3vGBnHUVv8zqPoI6SgF+qqRuDJtoE3DR6TiiHgYm2oHRR/0NwF9S3hxqVkc+Ebmz7VTTlXW0x/g2uOKRqPyJR17GCuVrRWW/B0eIYrNIVVTE9jcMVKC5Uil+OAYd1bPoTQRgolw/Vp13QnHyUC4u8OwM3yl1b3CWjdRkwz7ImS+K5aF6z9/bUGzPwM1WmPkiz4TNeYHqxnKAQ9GnSLZOJBv1rMl3mI+g=="

[[package]]
name = "libelf"
version = "0.194-1"
system = "archlinux"
url = "https://archive.archlinux.org/packages/l/libelf/libelf-0.194-1-x86_64.pkg.tar.zst"
sha256 = "e8a0c340301c947e44e77bd1bda1e08ae429050f69597bb6f1bd4db56412f2ff"
signature = "iHUEABYKAB0WIQRizHP4hOUpV7L92IObeih9mi7GCAUCaPxx3QAKCRCbeih9mi7GCGr6AQDctp6urzhWqHnF9mkjJG9yIeRt0w7cGCNTA+PmY7wTQAD9EFVikFYLqWg7rdzhAHag22KOsA+wXKZvJLd48JH9rQA="

[[package]]
name = "libisl"
version = "0.27-1"
system = "archlinux"
url = "https://archive.archlinux.org/packages/l/libisl/libisl-0.27-1-x86_64.pkg.tar.zst"
sha256 = "55a36e8195e6d9ce2efeb4276c60df6b6e7d94812fa36f8423d5ce664a5d34df"
signature = "iNUEABYKAH0WIQQFx3danouXdAf+COadTFqhVCbaCgUCZtWJeV8UgAAAAAAuAChpc3N1ZXItZnByQG5vdGF0aW9ucy5vcGVucGdwLmZpZnRoaG9yc2VtYW4ubmV0MDVDNzc3NUE5RThCOTc3NDA3RkUwOEU2OUQ0QzVBQTE1NDI2REEwQQAKCRCdTFqhVCbaCgPbAP9GNpnE0ra4qZOGYyJtfnyG42f8Z9dLpX21F/sY/a2UCgD/dz8x7harwjTofWctVHyyCacJsLhSq2jvSfrvvL4H/w8="

[[package]]
name = "libmpc"
version = "1.3.1-2"
system = "archlinux"
url = "https://archive.archlinux.org/packages/l/libmpc/libmpc-1.3.1-2-x86_64.pkg.tar.zst"
sha256 = "10554706eb15ed2186fbd55fd5db8fa5919788ac9a75d26c0b9ef5bdfca9d470"
signature = "iQEzBAABCAAdFiEEFRnVq6Zb9vwrc8dWek52CV2KUuQFAmaHCZwACgkQek52CV2KUuRjbAf/TmL9cCMXYTGsNmR2om6kT7XjczfZoFR9AM0FSTUNy5AuNZNUUCfm6ie6F4rFwHc3nETOSojScOZauZlcNiLrVriHYYFSZ8EhKiCJCo68a7KTbceBNoBuT6AEIpGMpIMti/cvWhu8VXl5JIRo8LNPBzDih05aCDUJ2nayKPYNHalDayu87sDXzJYXuzC8KD7XmUa7Kirn0ZpA4VZXc8CUjYYvn0wvRwLKQP4WMpszxmblQWjMVbQxh7dwC+gPtqIANVjoGKMRfr6QpT03XXIEaTBKbMsxeYFvwn+y2JN30t6oFI6LJADZ22VwimEzu06u+x9c+3+pr4k7Py43OCOGmg=="

[[package]]
name = "libnghttp2"
version = "1.68.0-1"
system = "archlinux"
url = "https://archive.archlinux.org/packages/l/libnghttp2/libnghttp2-1.68.0-1-x86_64.pkg.tar.zst"
sha256 = "5069aca35ac522e8a7de7ddb2b4d6c62e4d6d05b7e19288b7de2c1e3d9d69d96"
signature = "iHUEABYKAB0WIQQEKYl95fO9rFN6MGltQr3RFuAGjwUCaP3nogAKCRBtQr3RFuAGj/P4AQDOZluKnoOJ2vpWxsppZpAwBS43FfQ36kOxcGlECoIB7wEA3AXN6q4a/ImR6trAUW+ubxkYB6wsMZEdFFTkLuCluAU="

[[package]]
name = "libuv"
version = "1.51.0-1"
system = "archlinux"
url = "https://archive.archlinux.org/packages/l/libuv/libuv-1.51.0-1-x86_64.pkg.tar.zst"
sha256 = "4a4e992621b881a221becb6b9669bb4092ffebec8d87bd90f235866356cc5c35"
signature = "iHUEABYKAB0WIQRUwf0nM2HqUUojd5Pylr3lA2jGzgUCaAuLRwAKCRDylr3lA2jGzrT/AP43Gr5SSjnTzsFRn9PXhiwSxSD9n3wnk+MY0BWz1QKiYwD/XYWd0OVkTq6LSIbIBsmp5msI8fCiYMyVKNBHimfBNAU="

[[package]]
name = "lld"
version = "21.1.4-1"
system = "archlinux"
url = "https://archive.archlinux.org/packages/l/lld/lld-21.1.4-1-x86_64.pkg.tar.zst"
sha256 = "6140b090753c5ec85b8f794f48f72916759151b59434de47966a8f32acfa6471"
signature = "iHUEABYKAB0WIQQhkbiUMbrAqLlt6T0kR0DRfH/Q7AUCaPfyUAAKCRAkR0DRfH/Q7G2zAQCXGvSjHxhBEqe11w9if9e3SoPUNG/FmolyRKvOUOsstAD+JYokvBsmp7EhKl+vYKzX68hIW0uhJ4iZPM4HdzH1TQg="

[[package]]
name = "llvm-libs"
version = "21.1.4-1"
system = "archlinux"
url = "https://archive.archlinux.org/packages/l/llvm-libs/llvm-libs-21.1.4-1-x86_64.pkg.tar.zst"
sha256 = "6b213d7594e0e34d1a97f84821bb7bf5666d20fbec859ec9eac26faa49df8c36"
signature = "iHUEABYKAB0WIQQhkbiUMbrAqLlt6T0kR0DRfH/Q7AUCaPfBzwAKCRAkR0DRfH/Q7NlkAP98hx8a6pGHF3O1Ir4btvKNQ+yWNe2+AbfvEbovxzj0xgEAi998cU+T89zkMsnBsQlTDHsCiRGZSZjzw50CA9+7/Ac="

[[package]]
name = "lua"
version = "5.4.8-2"
system = "archlinux"
url = "https://archive.archlinux.org/packages/l/lua/lua-5.4.8-2-x86_64.pkg.tar.zst"
sha256 = "ae687129437b412be66e64cfddaff3093354a92412a78955ba6d3ece43c08bef"
signature = "iQIzBAABCgAdFiEEj8FaBklQqZ3RvRTdOeS4d+YuuRUFAmhMs+IACgkQOeS4d+YuuRWSGRAAsULD+7/dbGYWpRaWKqjnj15nIyHkGTyJsVFM0nFdXQYtzP+WBhrvGNH5xj1sHGEWboH88w12RhCqOguOaLRnn6uONaxbZsdMykybiByCxtcU4GyQRdcaOfR35daerONPf2laJ5NlS3w34rmjjJyetquqTqo+z3pLUAEoqjLp56SxgimNU+GtC/x5G81GArnvWJhwbsFe8VcWCHV1B/oblRFfSBKsfw/RU3u0PoBVbbnudHk0Rcdigm/NnXfgVaUtOfcTdfbOpA61gqTW/1BXatf6LJKdRb2Wey/kaCDTfPQTO/TEPnH7hrqbpC1SrL2KG2OYD8jTmW7z1dwUnclBkVMZt3MPR/CL/JGZlzERo1Fmde/HSBMk6TUkwYdU3rHzOyMgJ1PFxU6qgj0spM4FaO+dB/Zo4FpRZS8bQ1Gob1WaQfzEXsP9t+YmHi6fmE2aylH/0OUVjALLMMA6ZnA9XxnooChssJiCAU2/M1ZVbjd4BcbmM1NLWHzjonafyWfjRrKiyzG0haF9gqLDZjOOZ8fDhuPHaEY6yxgfHpE4VZtIdhcY2a+uVshC8ZhnaoaKAL1x6JtkbNLTY7n/PgiCxUx0gH7sLtWIqdKXyCkKzOREzq6J1no+XBOmBk4gpy4/V2pOTUgTJt+wZd90SLzEkXpzVxvJHy14DWjj4L6pEvo="

[[package]]
name = "make"
version = "4.4.1-2"
system = "archlinux"
url = "https://archive.archlinux.org/packages/m/make/make-4.4.1-2-x86_64.pkg.tar.zst"
sha256 = "7c1bc0d882f7c8d1bcb305eb7efaabc19ed6afa5a9a443575fa0d5ed57985535"
signature = "iHUEABYKAB0WIQSZH24/B2XPYpWIhYYTmwnaW/DTOAUCZBT0lQAKCRATmwnaW/DTOKwJAP9/kfT3rO0NhbD8wuI6ajzjyKtrl4SfuU0yu/PKByXQOgD/aYSvsyXylJhCadU2smO4LbP2Vj9fnIvEwPvbXbesVQ0="

[[package]]
name = "musl"
version = "1.2.5-6"
system = "archlinux"
url = "https://archive.archlinux.org/packages/m/musl/musl-1.2.5-6-x86_64.pkg.tar.zst"
sha256 = "b858891e1c97517cab07a7c060affc47bef7819266e0157554d59f3ecad79fef"
signature = "iQJLBAABCgA1FiEEiee5MxxK59f699MFwTIpOVS75K0FAmg/nssXHHNwdXB5a2luQGFyY2hsaW51eC5vcmcACgkQwTIpOVS75K0KiQ/+N+8Vg90QUuC+EsFzt4kFOkD74IZjPDSyfsNbIgP1y8curfRtZJDR+hcWzYQEbHB6jjVBZeAgVlEaYQQsSWCXthcXslEfNyCP3FWp5hNC6VFibfZhZbg45T4P/4lCd1UuOdY02UmX8yo8rmmltCYPk/AGvoi89nAwRRhj8UU30pQfufouha2jJ178Lgv8eT6qqUjS5KCkaeheg3yUPb1W6br4Lm55owk3GtVxe2hQ2hMmJU3Dzavy80PBZb0bD5JvPQJ0R13IET5+Qn/a7XkJL1oxPmCM+TLcdobnCYNjXXNL1egYKoeaqYvMa95VPnXysjlIVcijBB2xpHaMd5x47y73c6yfBmrp3zYqEZcV4ZmpUG8bCq3XL8IUq29wDkI7W02vNyUYsbyBox37a0eG5orLR2K2Oj6bH2xJl2PcJC9HMoLvoCopQlU3+xUAEjbYQVpoMdryuJUQfmYjDOCZOG6ilYoM0burw9naf0yE/17wKIVZegAOtYcKIN731NGgKCWgfJ25/kqSWFjAPQLGFrtUbJuJ5UX3vCmUz8uG0KLGXdoNPssI2W1zEFDjANWGxXKk2s1ysAMCtnDqOTfmmxqlyYTIdjtT5fBbgQyjtXYi3+ktqnsgulS/Fq/ST99+5/z/HRqAJY06pjrmDgR/wNC4kzWEF5YSCe12KWU/zpk="

[[package]]
name = "pacman-mirrorlist"
version = "20251021-1"
system = "archlinux"
url = "https://archive.archlinux.org/packages/p/pacman-mirrorlist/pacman-mirrorlist-20251021-1-any.pkg.tar.zst"
sha256 = "2c0bc24705f4c6f1325291e366eb367853f47763bc37b4ecf00bf6eca3a02e3c"
signature = "iQEzBAABCgAdFiEEW34/txt/EDKaHAOrdx32Yn7faB8FAmj3GfAACgkQdx32Yn7faB/efwf9FQzLBm8//mGHsiJ3LYCuyjXdluD4/yIZGhgB3K4Ba3mVVVParj6S2zb9BRmazl6yjy7eUDJYzv5u8yjjBLEgmi/G3/zbEI4nMH/GHglOOaz1mx1E8AX+HA68rAsuw5uGaZTSr2yjMfB7jLSgnaBN1tIrK6vtJ2XQmCJRviA5fgYd4eaBxNbv1Z6EK0Nzw8V54TPR2qxlDL+g3pPhBy/in88n64CZSccb8wqLVm8A9CMhSGxD65Ykf/wdHa5IVXxvNgVku5Tz5s977JK2cHE0GVQq3Z70N8mZ0nJK0M5MQ7w34Knfhm0h6h/I8fmEwCXHUt51GB+QSW7olajzbSRE2g=="

[[package]]
name = "pcre2"
version = "10.47-1"
system = "archlinux"
url = "https://archive.archlinux.org/packages/p/pcre2/pcre2-10.47-1-x86_64.pkg.tar.zst"
sha256 = "54e0d8c998d2748f47fead1926b04357719bdd00fa1cea84901c3af501aab002"
signature = "iHUEABYKAB0WIQRizHP4hOUpV7L92IObeih9mi7GCAUCaPjQFgAKCRCbeih9mi7GCGYRAQCETj0JBs1qGDMjVf5jrCg1ViOyEZBSdoLN+mjjP4YcAgEAyd0DoOT6R3O5ewVaoXwazx5YCEbSqDqYkKCKTgrlcQg="

[[package]]
name = "protobuf"
version = "32.1-1"
system = "archlinux"
url = "https://archive.archlinux.org/packages/p/protobuf/protobuf-32.1-1-x86_64.pkg.tar.zst"
sha256 = "c8a2a11f54e301b9475ba1f7fdf8e3eaf1d17dafa5e4d8baf79237be3d4c8b19"
signature = "iQIzBAABCgAdFiEE8AuW0VIoAT/8nJ0Dk7EdqkwZfj0FAmjQZyoACgkQk7EdqkwZfj0xwg//fHJsDqUWVF0vQ8/Ora1tjALp8+xUpYOl/EitnpXUzuZG7VafQp5ZagjPPwJ9pctiV+elQBQovWy0LxMECQbMBOah+DR55Ju0Lk7xR2PAJ99VvKozYtZZ0kKgQgIpMQ0xKw3n9jy/klkQBdTdDUbGxOJlF7zMxpHO+mKduiaM+Ri9yvhVfxYmC7R7EuAf+Rwx2TbRQhHsdufDdMpAxPj4B0ZcrsnmW0sIpuzaNHdJEisZaIjDyJMWH4c5wp5z6eLTy1VoGjBWeMgvAWocqxyxsgho8S8yh4a9hLpN2+vEwIHMZOjTmWTVHlS83ft8sKQx3jJdh7cJnPRy91W7uf3PbfsvCb172Ih6cTN3wtwbXyr7SfPY36YJ8THMJrgiwHLh9fJI7UI3NBrn7nIS7kCIZXIiYkfo3M9s23iMiVvkr/xwWkvEaUTEKFE2NSD07J7aTeNJy4bo3fU0Hv5J7Jj5q1BzlH3zaqdJMifP0F9h1zD+ZPXQpIn8FSvBxJ5xfAAfYdvC2PELrUmAbOJw2bSCzBGmbSVd9e7AA+K76Ky2yHCpMC/H7rs3b4ZLw9OktzIQwsx2SXKfT+8gEFoMC4Uet378w/N34iUqYIAcnTx/qHBbadudbyf6iZe2vyqzm0oB+dxB86KHsVostQtgOyXlPfrUYa0WGGl7xWAJU/Ic/3g="

[[package]]
name = "rhash"
version = "1.4.6-1"
system = "archlinux"
url = "https://archive.archlinux.org/packages/r/rhash/rhash-1.4.6-1-x86_64.pkg.tar.zst"
sha256 = "6f791b676347898dc72d20cd94be0da2228a26339e6bc511b17f1278d8110706"
signature = "iHUEABYKAB0WIQTrPXZP9dh+CBij4OXwXowSExrrXgUCaPVaqgAKCRDwXowSExrrXvpIAQD2OsHBs7rDAsORXdmkwCgOnhlfLgoBvdZkAIwWOf2tCgD8CC29MFyHEDWqktf6sE5LGvMThvPuPYamSHZm1dRniAU="

[[package]]
name = "rust"
version = "1:1.91.0-1"
system = "archlinux"
url = "https://archive.archlinux.org/packages/r/rust/rust-1:1.91.0-1-x86_64.pkg.tar.zst"
sha256 = "d90182651fffda25f6658ec436b9e91f4549ccb08d4eb640f7b2e9c5781752ac"
signature = "iHUEABYKAB0WIQSDvIiJNRtd67toQW64rAhgDxCM3wUCaQTMDgAKCRC4rAhgDxCM3/JnAP9upNTWy4ImmNylOyAhtWoLF8QwdfriYFkMuB+UJcQBNQD/TK/TsoQzh8QNNVx1I4tevcpYaLn2tlHWgTXbfwtzIgQ="

[[package]]
name = "rust-musl"
version = "1:1.91.0-1"
system = "archlinux"
url = "https://archive.archlinux.org/packages/r/rust-musl/rust-musl-1:1.91.0-1-x86_64.pkg.tar.zst"
sha256 = "b2f9aa4481492c6c5bc57445cb43b65b1b87575df9bb2fb4a1dd37bdcdcdb705"
signature = "iHUEABYKAB0WIQSDvIiJNRtd67toQW64rAhgDxCM3wUCaQTMEQAKCRC4rAhgDxCM38adAP0SEOKJUNPxaurFEdme04Sd30bts6H62uHUXzS/9FjvqQEA8FC6Zv9wXMUDBvh8cmM79ym9vVzFGx4NXqHISNfpXAw="
