[container]
image = "docker.io/library/archlinux@sha256:c0965d07320c79ca2e3a1cc9e303757f6b0055aa0437571523f5eedf78b15690"

[[package]]
name = "abseil-cpp"
version = "20250127.1-2"
system = "archlinux"
url = "https://archive.archlinux.org/packages/a/abseil-cpp/abseil-cpp-20250127.1-2-x86_64.pkg.tar.zst"
sha256 = "2c8ddc0a1de464dcf946bafe0919a7fd050cced0b36a05d587d57802743f3a70"
signature = "iQIzBAABCAAdFiEE8AuW0VIoAT/8nJ0Dk7EdqkwZfj0FAmggmkIACgkQk7EdqkwZfj1pHhAAsEwnEGTiKuoaHhazO/0NnACVgZw3+8+4hSPm+MVHxT4u7IeybFvD0WAvFwKx7xFN2aAxqoTq8T0qq3/AKk12m5kmc1mj00iNN0ZkFxrZcVBg0HczXgGjWnU+9mkA6Oh2usQADNQ524uM/FnE16ADdhePXRabe2Ptcl3BCtW49bDZsW0d2eom041dSHNHVRH4NiPYI31REZUZRGXBWNal25U2+pljJaPi8qGu/j7QofGUSt9oBGMDZ1U//ymfO+7noEIMaVAFzOTHyj5OE3mvS8TPNQSOFm2gqfJkNY1GBZLMoz7Ob5IOb0d1k/90YNjOiPxM7V35ZvQMGSMKfpVuhn7ShUKWCBttofaGyPMtsAcbe/r1f8E4olEOpdHrSLqE8dMK8c72rQE5g6QknaCeqlzyFsrx9i8wFheBacr2diKDKC7ogvxY++XZgJsZ43bRKUafu2MIfi93/KvXIc8MYZaOssTc7zE2rlNqMBlwSKfxczdHEmwTmPXAKilfleOBdMHlPO4mvpv0T7ZLb1lO5pR9NsGfVxa/HWu052Drr8kMChWAodzDtBhIjynz0m5uavaUbO/3I4mKTJcGGlESlaT7nbUxG9X7LTzOON+lH32lyrtAQ+OE2JFoIN+fQfpWc3/L4ewlIOdNFXDFohSe4zhXiXR8ra2bUCKrS0TyCcc="

[[package]]
name = "binutils"
version = "2.44+r94+gfe459e33c676-1"
system = "archlinux"
url = "https://archive.archlinux.org/packages/b/binutils/binutils-2.44+r94+gfe459e33c676-1-x86_64.pkg.tar.zst"
sha256 = "dae1c7ad6100da0abf20171879dc1ef9b486f0498260b4d496e526b49287d39c"
signature = "iNUEABYKAH0WIQQFx3danouXdAf+COadTFqhVCbaCgUCaBB9K18UgAAAAAAuAChpc3N1ZXItZnByQG5vdGF0aW9ucy5vcGVucGdwLmZpZnRoaG9yc2VtYW4ubmV0MDVDNzc3NUE5RThCOTc3NDA3RkUwOEU2OUQ0QzVBQTE1NDI2REEwQQAKCRCdTFqhVCbaCkMbAP0XYt1YCNB0OOe0jkhK7MAH7K0krqEjcFRk6c1pKfslzQEAxb9iCNJi700zsLGLUNduRUsNe2AnZRPeAVefR0/hXww="

[[package]]
name = "cmake"
version = "4.0.2-1"
system = "archlinux"
url = "https://archive.archlinux.org/packages/c/cmake/cmake-4.0.2-1-x86_64.pkg.tar.zst"
sha256 = "23ada670edf3dad3aff6902b708149dd09c793b75d42a7be43b275e9150c9f14"
signature = "iQEzBAABCAAdFiEEFRnVq6Zb9vwrc8dWek52CV2KUuQFAmgdIFoACgkQek52CV2KUuSSbAf6A2kUNQKczCcmnZpe5CcxGxEUYLzwdiEp6wFC75TFFoJVVrTEFWaRmYxHdcwZpCY+WLtqsunqSsIWoKIFZylaX/HOXK2wXcVsR/1EYZnYOk/PA6CLy7Cv+qK82y/D5FMyzz6dsxRKo6D2yG0qoTwbdeqo7AFEibFTI8c8N/fwlySPVZ+WPhtOw/QUlDFo80+M8Wyd0wsa16Ds0rUzoddQPdX+PUiFd2sM4pWbZuQyYNWR4C0X0MsUUVgBlhoLEh+4Hi74HivWXMcS8Ljl4F5s07MHx2sZOEPiZsXkuCzizZ8k9cJAKiwhPAkKQmqsLDdi1mP6WoLE/UAgDxkH2jNj1g=="

[[package]]
name = "cppdap"
version = "1.58.0-2"
system = "archlinux"
url = "https://archive.archlinux.org/packages/c/cppdap/cppdap-1.58.0-2-x86_64.pkg.tar.zst"
sha256 = "29796195345f80920d6e018d53cd0f92eb7b7d379849d262a0dbcd4b1fa573ef"
signature = "iQEzBAABCAAdFiEEFRnVq6Zb9vwrc8dWek52CV2KUuQFAmaDH8sACgkQek52CV2KUuRK9Qf8CfghNmb2AN0lgBcvxo38BgOIfBUlC/Zyd2yymxInhogQNgj5xKGDF9ZsLzTXNuGx1s5LDrjLsyLHgJgWIg39sfdAepQtZ1kJPm5MmmIqFMwvVmQ1tPUBOgAQSWs8XL4ssYvYuN23npSh+RhkYC62GhCsJm6CXjSCpksV+F4mHnOik/khw6rPb2hj7kzi+k5x5N2G5+qm9cOcKQLgtkX0lefsAkg5ZjH1qZm3Twa0p/2xMc8cigHtdm5TTTqH9nhKk68eOTAFJvr1T9oo/UxKuQm8pOofjTcKpECFpRpGy+nkxADI08pwvFDN44GE4QAnecpchRleWnnzghh87KExIw=="

[[package]]
name = "gc"
version = "8.2.8-2"
system = "archlinux"
url = "https://archive.archlinux.org/packages/g/gc/gc-8.2.8-2-x86_64.pkg.tar.zst"
sha256 = "c7b5e6816e7977a407e3f862b4ac51e7cf70e522c7fe1a72c2eca49431679712"
signature = "iNUEABYKAH0WIQQFx3danouXdAf+COadTFqhVCbaCgUCZt6oQl8UgAAAAAAuAChpc3N1ZXItZnByQG5vdGF0aW9ucy5vcGVucGdwLmZpZnRoaG9yc2VtYW4ubmV0MDVDNzc3NUE5RThCOTc3NDA3RkUwOEU2OUQ0QzVBQTE1NDI2REEwQQAKCRCdTFqhVCbaCp63AP4zSG9Ph/ey/7pYMn/RNiK9x1gv3SknQQ5dttHxVgc++QD/aXAHmlJ3i2x5kaqtv+bVKMTa80sF/S7X6DKJfQ+Q9Q4="

[[package]]
name = "gcc"
version = "15.1.1+r7+gf36ec88aa85a-1"
system = "archlinux"
url = "https://archive.archlinux.org/packages/g/gcc/gcc-15.1.1+r7+gf36ec88aa85a-1-x86_64.pkg.tar.zst"
sha256 = "d8bc5c74e9b58c281c0aca51cc3f6b18cff37cdac5d24ea7f67488eeb6caa27a"
signature = "iNUEABYKAH0WIQQFx3danouXdAf+COadTFqhVCbaCgUCaBB8ql8UgAAAAAAuAChpc3N1ZXItZnByQG5vdGF0aW9ucy5vcGVucGdwLmZpZnRoaG9yc2VtYW4ubmV0MDVDNzc3NUE5RThCOTc3NDA3RkUwOEU2OUQ0QzVBQTE1NDI2REEwQQAKCRCdTFqhVCbaCqOVAP987LpB7oRJy0pLySNFrUb73byPmEw91N/aQFrDX1IrWwD/TTXyyc1ulsVNhoEDk7MKS+NzMAaJX/f1gz2pQFeeCAU="

[[package]]
name = "gnupg"
version = "2.4.7-2"
system = "archlinux"
url = "https://archive.archlinux.org/packages/g/gnupg/gnupg-2.4.7-2-x86_64.pkg.tar.zst"
sha256 = "8aa9017276cdac3ff06771fb3ddeac822ac1d8a7a149b88b0e30bbeacd049b8a"
signature = "iHUEABYKAB0WIQRizHP4hOUpV7L92IObeih9mi7GCAUCaCjHnAAKCRCbeih9mi7GCCoyAQDf+iD99CZzeO8hjwosLyA3/DOUIDrwv/MnEXCVPGs5pQEAz0sabha7ulhj1rETlfDwCWYhDkVzWrMLSNFcZZyLnQk="

[[package]]
name = "gtest"
version = "1.17.0-1"
system = "archlinux"
url = "https://archive.archlinux.org/packages/g/gtest/gtest-1.17.0-1-x86_64.pkg.tar.zst"
sha256 = "e8be39f1917ae843c58128c302e583b0c570df1c8c6106239cec4c84c9b73317"
signature = "iHUEABYKAB0WIQTrPXZP9dh+CBij4OXwXowSExrrXgUCaCCWOQAKCRDwXowSExrrXn22AP97xO8YH+V5imcJeYLJ3XZIbVh2ylHeuyJfQ5T3htys4AEAnVqyhN9n7oELrWay8yDm9qk3pOi4XH+JI/Sd28N96gQ="

[[package]]
name = "guile"
version = "3.0.10-1"
system = "archlinux"
url = "https://archive.archlinux.org/packages/g/guile/guile-3.0.10-1-x86_64.pkg.tar.zst"
sha256 = "bf4d1b474045a88c7ad97b1ce56e8dd5786e5a10de02a8d33dc8f041edc8d01d"
signature = "iNUEABYKAH0WIQQFx3danouXdAf+COadTFqhVCbaCgUCZnkshF8UgAAAAAAuAChpc3N1ZXItZnByQG5vdGF0aW9ucy5vcGVucGdwLmZpZnRoaG9yc2VtYW4ubmV0MDVDNzc3NUE5RThCOTc3NDA3RkUwOEU2OUQ0QzVBQTE1NDI2REEwQQAKCRCdTFqhVCbaCruHAQDnjJsHGhq4cae34rHS1z+Hr6yzjVQSxvA6SE9XpredlAD/cstobLSMUsHswxf5df94XkoDPJdJs44uXE/iu9gsgQg="

[[package]]
name = "hicolor-icon-theme"
version = "0.18-1"
system = "archlinux"
url = "https://archive.archlinux.org/packages/h/hicolor-icon-theme/hicolor-icon-theme-0.18-1-any.pkg.tar.zst"
sha256 = "22ec69012b9a55e276b5891f916366f692541dce3793bff3e85a28a10b91990a"
signature = "iHUEABYKAB0WIQSDvIiJNRtd67toQW64rAhgDxCM3wUCZk/ttQAKCRC4rAhgDxCM39FIAP9Zcpg7ei4MUwFlnla8x7YDFRtQFp2WtiPOhyohRoMxhwEA2Fjer9ZWaLxYDvXfG3TbweF7ZzIQ621pJSfzl/HCnw8="

[[package]]
name = "jansson"
version = "2.14.1-1"
system = "archlinux"
url = "https://archive.archlinux.org/packages/j/jansson/jansson-2.14.1-1-x86_64.pkg.tar.zst"
sha256 = "18bcb1ca84cf1a59a09d8237d379ceed73acaa1c50ab7a3339800ff665a2f230"
signature = "iNUEABYKAH0WIQQFx3danouXdAf+COadTFqhVCbaCgUCZ+RdUF8UgAAAAAAuAChpc3N1ZXItZnByQG5vdGF0aW9ucy5vcGVucGdwLmZpZnRoaG9yc2VtYW4ubmV0MDVDNzc3NUE5RThCOTc3NDA3RkUwOEU2OUQ0QzVBQTE1NDI2REEwQQAKCRCdTFqhVCbaCj9MAQDhsiYeCDjvXoHp2TSRinf8gW+FDlRk53V/gtTpqofDhgEAj9NTp35ZhpycEzbbofVyGw95ZAwHVIEHLZ9jhRGHkA4="

[[package]]
name = "jsoncpp"
version = "1.9.6-3"
system = "archlinux"
url = "https://archive.archlinux.org/packages/j/jsoncpp/jsoncpp-1.9.6-3-x86_64.pkg.tar.zst"
sha256 = "2aa066e1840850aad3b901dec9e8aaa047afcd1835576378f6ba16285c268fcb"
signature = "iQEzBAABCAAdFiEEFRnVq6Zb9vwrc8dWek52CV2KUuQFAmblvasACgkQek52CV2KUuSEOwf/fm7VzJjRdFKN6DVeDqFkQjkfaOenZtUCQc3GuSvt9xOZ9ghv6F1Myt3Z5aDnApntNsn+zqjV+OpAPjeiJcrnS8vN+PZ8QLx2udJgO9uZ2e/SG5gkowJvjJFqB2eTL1XeUOhyFzjo2b4dC4VRMxId5oZ/o2jsa1HfRVipSYz3ulfngiJTaUlGHGqSvQc7ykmrs2cnWuCuhY9xIhhLQSo0xvYGaBuCOwCTfGmG+G/IcL+JKQh8kBkTydu92Odpig+dyyhhAZXWHXNuUN/WMxRJZUrsHWLV4eCVV8G1pZknF0o8bu77uS5rTC7hPXSLElvK3eZ+UE2A0EVoha8jn3HVFQ=="

[[package]]
name = "libedit"
version = "20250104_3.1-1"
system = "archlinux"
url = "https://archive.archlinux.org/packages/l/libedit/libedit-20250104_3.1-1-x86_64.pkg.tar.zst"
sha256 = "9b4167ade67f899d5f4d1e0d3e8e8f18b5edfdd076f5aeffd100cb3093117987"
signature = "iQEzBAABCAAdFiEEW34/txt/EDKaHAOrdx32Yn7faB8FAme8RWMACgkQdx32Yn7faB9bnQf+N2KYErONnv0FLvqScucx7dhD+DNMqRFEEruhqsnAtP9KZzRePYMys6Uhn4TlIysatDnz6qy2UMeXuLOKDAYXMz4M37lfRT6YsBzbNj93FQlVrfelM/ap6U3vGBnHUVv8zqPoI6SgF+qqRuDJtoE3DR6TiiHgYm2oHRR/0NwF9S3hxqVkc+Ebmz7VTTlXW0x/g2uOKRqPyJR17GCuVrRWW/B0eIYrNIVVTE9jcMVKC5Uil+OAYd1bPoTQRgolw/Vp13QnHyUC4u8OwM3yl1b3CWjdRkwz7ImS+K5aF6z9/bUGzPwM1WmPkiz4TNeYHqxnKAQ9GnSLZOJBv1rMl3mI+g=="

[[package]]
name = "libisl"
version = "0.27-1"
system = "archlinux"
url = "https://archive.archlinux.org/packages/l/libisl/libisl-0.27-1-x86_64.pkg.tar.zst"
sha256 = "55a36e8195e6d9ce2efeb4276c60df6b6e7d94812fa36f8423d5ce664a5d34df"
signature = "iNUEABYKAH0WIQQFx3danouXdAf+COadTFqhVCbaCgUCZtWJeV8UgAAAAAAuAChpc3N1ZXItZnByQG5vdGF0aW9ucy5vcGVucGdwLmZpZnRoaG9yc2VtYW4ubmV0MDVDNzc3NUE5RThCOTc3NDA3RkUwOEU2OUQ0QzVBQTE1NDI2REEwQQAKCRCdTFqhVCbaCgPbAP9GNpnE0ra4qZOGYyJtfnyG42f8Z9dLpX21F/sY/a2UCgD/dz8x7harwjTofWctVHyyCacJsLhSq2jvSfrvvL4H/w8="

[[package]]
name = "libmpc"
version = "1.3.1-2"
system = "archlinux"
url = "https://archive.archlinux.org/packages/l/libmpc/libmpc-1.3.1-2-x86_64.pkg.tar.zst"
sha256 = "10554706eb15ed2186fbd55fd5db8fa5919788ac9a75d26c0b9ef5bdfca9d470"
signature = "iQEzBAABCAAdFiEEFRnVq6Zb9vwrc8dWek52CV2KUuQFAmaHCZwACgkQek52CV2KUuRjbAf/TmL9cCMXYTGsNmR2om6kT7XjczfZoFR9AM0FSTUNy5AuNZNUUCfm6ie6F4rFwHc3nETOSojScOZauZlcNiLrVriHYYFSZ8EhKiCJCo68a7KTbceBNoBuT6AEIpGMpIMti/cvWhu8VXl5JIRo8LNPBzDih05aCDUJ2nayKPYNHalDayu87sDXzJYXuzC8KD7XmUa7Kirn0ZpA4VZXc8CUjYYvn0wvRwLKQP4WMpszxmblQWjMVbQxh7dwC+gPtqIANVjoGKMRfr6QpT03XXIEaTBKbMsxeYFvwn+y2JN30t6oFI6LJADZ22VwimEzu06u+x9c+3+pr4k7Py43OCOGmg=="

[[package]]
name = "libuv"
version = "1.51.0-1"
system = "archlinux"
url = "https://archive.archlinux.org/packages/l/libuv/libuv-1.51.0-1-x86_64.pkg.tar.zst"
sha256 = "4a4e992621b881a221becb6b9669bb4092ffebec8d87bd90f235866356cc5c35"
signature = "iHUEABYKAB0WIQRUwf0nM2HqUUojd5Pylr3lA2jGzgUCaAuLRwAKCRDylr3lA2jGzrT/AP43Gr5SSjnTzsFRn9PXhiwSxSD9n3wnk+MY0BWz1QKiYwD/XYWd0OVkTq6LSIbIBsmp5msI8fCiYMyVKNBHimfBNAU="

[[package]]
name = "llvm-libs"
version = "19.1.7-2"
system = "archlinux"
url = "https://archive.archlinux.org/packages/l/llvm-libs/llvm-libs-19.1.7-2-x86_64.pkg.tar.zst"
sha256 = "0f5e99321833980a38a7a4ec3a5ea2b0a8110d1f5ef84b947fa0bf3ee1c50328"
signature = "iQIzBAABCAAdFiEE8AuW0VIoAT/8nJ0Dk7EdqkwZfj0FAmgIIPUACgkQk7EdqkwZfj2V5w//Sr7h17okNamx2nJpVbManLs0rhgyssl3Qp6/lcxiXeH81lD1onTZMYjyDghiFOSrNy/MDPy+x2w3wpsxLB76QfpshRk2YWU8qKGPVtJBrFJ/82CZre+gdmXx1ifxUP/bsBlxCVMah9App3saAlRZvE9AWSRBH3c+eH6+V6dfYUKQ7+AvFguKMyliyugQ7xr79NqfAkoxBE763HGcKjdnZY27nkDl+cDn0fJRxX1aY/fzCbCOZWPYNKiKk8EMIsY8TEVLlqtFpxy29qVjTKFxur6d3+weiU15rgWcgTMHBCUITlmmAY1/8VZ+tLUi1hWyH+oEqG06Oka3wm2eMjzppKwABSYqCyfX7NXrdFHI6p/enJ5ykzToo/Vd/yRHrzGBHf/hWxFX4TyFeEDrXiRe6ncka55rfMz4WHRvMUeluzDeLpSUAPT4ayn+Kz9o0YWmh90sqOS51N6UzydqXMcD8J37tBHyGZk3xqZ39vBnVzQyQ1uFfSOjpvKM9p65t8B5o95JVjH+U1hfNLAwKZXhy8x8hOfqdfIjevs5VzsNwe/ibhd23Bp+cHGHFdHb6w6MSsaA1pQxH6FCgSClOlGVNZ2/yNH6d0c7wd0Y3FC+upLh2xgYLhyHvUBHsS2ShhHORbz3CbDYhrnc2X1BmqmqZ38UkWmrYqcMHNqtXsL7OCg="

[[package]]
name = "lua"
version = "5.4.7-1"
system = "archlinux"
url = "https://archive.archlinux.org/packages/l/lua/lua-5.4.7-1-x86_64.pkg.tar.zst"
sha256 = "8c496e3a327da7af6e1a4dbf8b3ce5e7a2d8c6c14eaa11af3deff08b4dd1ae15"
signature = "iQIzBAABCAAdFiEEjhmSFnRl21+wRVV8sChU7XU+Dx8FAmZ7Aa4ACgkQsChU7XU+Dx81mhAApwWaB4tTDRfsHs0Ab4Bxh3yUuoBzsf7fCEj9EeyyvCoplu4K6Hb9+3zm9G2J7lcTzBfURQQf86A7ojT6Tg+Kr3ZiwYXR1ipOcmCSXYdkOqES/1Umn5X/ysA9QFDl9HJfM8K+HEfzEYPjzF+P4ZxItCSC2Xn7mqVHyPVf2xcny0Wr+W5rleb3h6es+gRhLcmuFkTfgvb9rdC8kcKi7yAh3bNIeEldum1z3yvONLeoxtLGS3m07OJilfhEubndaKliKSXlebr2cPp5q7SBnhX2JNs7vlaOpZ8Tn/+GKL6t8sg8LKBHwebPTXoLnXWGj7160xpP6LpWjI5uBFw667NkbiHcFPbhhexnJMHD00I/nqDTOTw1+Lcz7X2JAd1jVIB4o8CGVNdG/J43BlyPZlVv6v6dY87oOR9CfVaeH8JuQuhffTAnY61oFnJV782SzkexC6cWDvrx/1BaFwtEA4lwxlpOjYsvCqkjy7s2JZzINaw7Und4JScwl+tEZe4FbzitCNYA2+tXAIk9gqO10ock1LoZOkUXNE8g7vk2jMknb7R7OYfs3DUs08GywEahNu2XVRYK0MGMmhNrsEhEGY8oxN0kupvSV9NlMvphn6E7JjwoRTJuPaDiwcT/ryBlkYXqxXGOumMAEKB394yCd8EChJ1zYR3IzOAuQCJqPJvjNCM="

[[package]]
name = "make"
version = "4.4.1-2"
system = "archlinux"
url = "https://archive.archlinux.org/packages/m/make/make-4.4.1-2-x86_64.pkg.tar.zst"
sha256 = "7c1bc0d882f7c8d1bcb305eb7efaabc19ed6afa5a9a443575fa0d5ed57985535"
signature = "iHUEABYKAB0WIQSZH24/B2XPYpWIhYYTmwnaW/DTOAUCZBT0lQAKCRATmwnaW/DTOKwJAP9/kfT3rO0NhbD8wuI6ajzjyKtrl4SfuU0yu/PKByXQOgD/aYSvsyXylJhCadU2smO4LbP2Vj9fnIvEwPvbXbesVQ0="

[[package]]
name = "musl"
version = "1.2.5-5"
system = "archlinux"
url = "https://archive.archlinux.org/packages/m/musl/musl-1.2.5-5-x86_64.pkg.tar.zst"
sha256 = "8ab3ff885e1b91b6eb3f61526c4a0f964aea307b0965670a0810db65ad1a555f"
signature = "iQIzBAABCAAdFiEEM+u4qOHFZTZFsSMqRaZQ4mOMU20FAmfw+foACgkQRaZQ4mOMU20Xhg//UIv3wt8AQG65HY8cgRha9Xj4jpI9UslMu4vi1M6gD72g90QN9Q0BkOTlPNehvLVa6bK6919as+KQudFwtT+oXRVAYH+NVqTNANeuOtIVEHNT9ojoDRMEeGrLkLmMkoFOV6MtqT8Noyh2Ne5dVf6GCnaJUAQTGPjKX/OimIpUoXKyGf4QKR7ngQKulLImUYd87d0Jtt6+tEPGM55V0wlCN0xHhvqsGzjzIQO269737r7q8CiUMhUCUqInBLR6hWtGNIT6svSMh8TGnE2TBDX0iZgmN7LaRky9qV6HVcocY3IU2u/UGjVwKTwjuRGIBRG7nG51FF7rHAf4CsQXQODmOGz5jZb7DGQY9IieX1l5QoigNeX7ViT40/wDSiFHViZ6I378WCVJtK7A3cFSVp4tIbJLgveDOXTiES++KalRDXpYkq/GxSDVKeHnkVtFSrYYW52fBIZgKWP673LT2z+j0JhKKQROQ3uK3WWDt9OT0UeK6gdgRiABAtwXAF/EnMfmIc5eOUXKM7M+1I3aG2TILQ4273De31mDYAVVsJVVhbxKmh/ofDZS6AVU2+i/gloT2mDm5Sm++7DMFkJYaSZ/OBrnQarXiUhz5Uw1R6kmdKK0eXJDrQdcExwCNSuV6tBWU7UU9TGIFPmN5u8k+GmaYHBkdfxeIgGkgDb0EQ1uWlQ="

[[package]]
name = "protobuf"
version = "30.2-3"
system = "archlinux"
url = "https://archive.archlinux.org/packages/p/protobuf/protobuf-30.2-3-x86_64.pkg.tar.zst"
sha256 = "382a4ce6224a6f72e6bde84bae6f3100ede25b44c415c1476eb66adbacde0201"
signature = "iHUEABYKAB0WIQQ4EAwkN2zV9u1P9LRpGEAMJwMEDAUCaCJPkgAKCRBpGEAMJwMEDHYpAQCJGdF08WvLI6b6kaft+MTIOSSycbbwj5+IYolHAyw2FwD/TPrsRLQpbZ7GP7CknCt65g3LhwrvPTKcF7AmofY8ugs="

[[package]]
name = "rhash"
version = "1.4.4-1"
system = "archlinux"
url = "https://archive.archlinux.org/packages/r/rhash/rhash-1.4.4-1-x86_64.pkg.tar.zst"
sha256 = "6a5047515b12a123e374b4546e943bb6cd701b6fc471a8948388d0d2c5f226d4"
signature = "iQTHBAABCgCxFiEE5VD//9SF4mShcX4wkBwcMg6w1F0FAmUt0ElfFIAAAAAALgAoaXNzdWVyLWZwckBub3RhdGlvbnMub3BlbnBncC5maWZ0aGhvcnNlbWFuLm5ldEU1NTBGRkZGRDQ4NUUyNjRBMTcxN0UzMDkwMUMxQzMyMEVCMEQ0NUQzFIAAAAAAFQAVcGthLWFkZHJlc3NAZ251cGcub3Jnam9oYW5uZXNAa3lyaWFzaXMuY29tAAoJEJAcHDIOsNRdjngf/jdEdiLR0ihoDReMh9ucF1rdVty0BHv9Oy1h8eQ9svdNtyDS7Yp+plgVskTw/qfJdff/AyKHGLsYDQW6YxZeHpEpaeO70hz/t+mxpeLtKkmdkzXE0Zn+sZV4ylaXg5/PP7j0yAhaYibte0mN/s+Od2lOxPpvABcLJq+x+zgMjAEX2mnyTtLRmipf/wgCvRMyCvFP2Sif7ux10Vw6gpd6z84VHw1gLt14XQI7bkI6pEUttYl74L8FPj9sqizFZKr3sepBkPteeKtuZQXuT7U4sd32k17HT8hm2K4lUfqwD4ixtkkEbP9X7hBxifSW9+7b+uihHUEaq/poo+Fwh+VuOOnF/paIM/66oGoipg4AUgEomw20ZctHCPk2+TxKaig5jbCmr+zueF/FbScqQ99pkOIYadztxckNWftA97LqmLJqx02wXPv6yUDjFpXnf6LQP2jVeNYwaAkp0PC03JBZBTnRjLWnEuyx96VUyB2rgi5n9iKVQZ0msV3JokOzetNHGVwTseJeVFHi7wr3fDOSTKUVRAl97nYCNeHzf83fZQwoK4/HejXZ/mU3bk4jhRkcehirk6QbFKgmMaF/S70KGjktBBtNHs/0OAVse9bwotCLcC1v99ZtiLjltZW7kYnL57Jsmu5DrKv3FgtpDmlcQuwwAcC94/vvBqJRugqzJuE6qBmTWvwRLgJtQHZc3DJk1Gm/YqZlbz7VDoIdlAvQpqFH7o9/NXPVIzZmJaayTGkMzIXfN5wUFTNOqCA9ayhgx+u90uEDs3kWCXub02hHaXzwAFShZG+N3iTNRb4c82Qp+xdYtKKg3v6ox61n6HFGFaufhgR6GDHBpMCt3muNpMMYkqJKBQgllM+MhlRZkxN5wNcd0j1GkQNMwqni4z5Xcs+wevxClaTkLuN3MFI/GfPwSrHmgSm+k9tzrVSXpkml6bYaj+c1obnMXy4SC4wyd/2ZGTZkQbPKGdKqOJFxaBIBMZIcxKS8i38iesAP6htKHTKnnYe7R1YMwchmpSlp0ZbMTkyxrn4a+lRzbX7qCK9Vd72D0HbCG/qYHETSEapencA59jyVjN2qXyF24tX6iKuKqqYb253PZ+O/vqOG6ZDI1ZptetPKF/SRHf9TgOkJwXpHvwzbO0q37lX9VQ6KAKyg43IrpTSysLoNnE9v23ecHCOVkizI7BsEyJKS4V6naf9ZegC1XvqbklpqkI2uS1mP4SBEWWHt0tOxuF7VlaVb64wNmZwWx78CYTFUlhywu6d/Qs6WUu9/HW6FQLZ1pIS2b8SRVQYv/d38OQvyC5w3iPXeRS8cAbYvRLtwtDMYgB+YcKRxX0O5rMcwsl/2ZxFt3oZa5n3iP8SYbeAnhic="

[[package]]
name = "rust"
version = "1:1.87.0-1"
system = "archlinux"
url = "https://archive.archlinux.org/packages/r/rust/rust-1:1.87.0-1-x86_64.pkg.tar.zst"
sha256 = "e9e0f7eeb47cf43bd5decdd15127cdaaea6b5c8a310cca5556aeddab325a6c66"
signature = "iHUEABYKAB0WIQSDvIiJNRtd67toQW64rAhgDxCM3wUCaCc9PQAKCRC4rAhgDxCM34ihAP0Z5Wne2SbqaAb+sdFTWCNprBUamGiRA3xILksmX1vdHwEA2H3DhUBRbAI1kfihvFWQvtQkbE/wATBpTtsfM3WwXQM="

[[package]]
name = "rust-musl"
version = "1:1.87.0-1"
system = "archlinux"
url = "https://archive.archlinux.org/packages/r/rust-musl/rust-musl-1:1.87.0-1-x86_64.pkg.tar.zst"
sha256 = "8b0e9da166c173d9572d1e713ede64606a01652db4b02a1476a7163df872b18c"
signature = "iHUEABYKAB0WIQSDvIiJNRtd67toQW64rAhgDxCM3wUCaCc9QAAKCRC4rAhgDxCM39DHAP4w+YUCSrxeesxSTdVWqhHJntA6ydjr6QAfdYaVpAGCVAEA1HTO6uUtrEvdg7fvqxzaoSK1BFWD5O0f0oEIXO0OaQE="
